
Microsoft Visual Studio Solution File, Format Version 12.00
Project("{FAE04EC0-301F-11D3-BF4B-00C04F79EFBC}") = "ConsoleApp2-1", "ConsoleApp2-1\ConsoleApp2-1.csproj", "{D237D563-61B7-4224-B001-F91A396AE109}"
EndProject
Project("{FAE04EC0-301F-11D3-BF4B-00C04F79EFBC}") = "ConsoleApp3-1", "ConsoleApp3-1\ConsoleApp3-1.csproj", "{FC5C436A-020A-4656-AB4E-E2D8F13309C2}"
EndProject
Project("{FAE04EC0-301F-11D3-BF4B-00C04F79EFBC}") = "ConsoleApp3-2", "ConsoleApp3-2\ConsoleApp3-2.csproj", "{BB20A298-DBC7-4ACB-B6BD-57E3F048B269}"
EndProject
Project("{FAE04EC0-301F-11D3-BF4B-00C04F79EFBC}") = "ConsoleApp3-3", "ConsoleApp3-3\ConsoleApp3-3.csproj", "{80D0007E-B14D-4815-B93F-5CDC961C57C8}"
EndProject
Project("{FAE04EC0-301F-11D3-BF4B-00C04F79EFBC}") = "ConsoleApp3-4", "ConsoleApp3-4\ConsoleApp3-4.csproj", "{35EC190C-85C0-445F-9F07-A62EACF94F8B}"
EndProject
Project("{FAE04EC0-301F-11D3-BF4B-00C04F79EFBC}") = "ConsoleApp3-5", "ConsoleApp3-5\ConsoleApp3-5.csproj", "{463010B1-392E-4204-B69E-9E24F28A96F3}"
EndProject
Project("{FAE04EC0-301F-11D3-BF4B-00C04F79EFBC}") = "ConsoleApp3-6", "ConsoleApp3-6\ConsoleApp3-6.csproj", "{10ED3136-285F-4FC4-951D-FD0DD69F8DD0}"
EndProject
Project("{FAE04EC0-301F-11D3-BF4B-00C04F79EFBC}") = "ConsoleApp3-7", "ConsoleApp3-7\ConsoleApp3-7.csproj", "{DCAF4404-A01E-4887-BCF0-37DE1DFE1014}"
EndProject
Project("{FAE04EC0-301F-11D3-BF4B-00C04F79EFBC}") = "ConsoleApp3-8", "ConsoleApp3-8\ConsoleApp3-8.csproj", "{FE8685D3-99C5-4F1F-9AD5-125AF4C0CABA}"
EndProject
Project("{FAE04EC0-301F-11D3-BF4B-00C04F79EFBC}") = "ConsoleApp3-9", "ConsoleApp3-9\ConsoleApp3-9.csproj", "{96D956A9-E460-4464-A1F4-ABACE4155BCC}"
EndProject
Project("{FAE04EC0-301F-11D3-BF4B-00C04F79EFBC}") = "ConsoleApp3-10", "ConsoleApp3-10\ConsoleApp3-10.csproj", "{95B94BFB-EBDB-449B-8906-D9F5E37C06A5}"
EndProject
Project("{FAE04EC0-301F-11D3-BF4B-00C04F79EFBC}") = "ConsoleApp3-11", "ConsoleApp3-11\ConsoleApp3-11.csproj", "{4183A9BA-9FCE-448C-90B7-92715742B0E4}"
EndProject
Project("{FAE04EC0-301F-11D3-BF4B-00C04F79EFBC}") = "ConsoleApp3-12", "ConsoleApp3-12\ConsoleApp3-12.csproj", "{FED253C0-B0B3-4157-9812-0AE02280C651}"
EndProject
Project("{FAE04EC0-301F-11D3-BF4B-00C04F79EFBC}") = "ConsoleApp3-13", "ConsoleApp3-13\ConsoleApp3-13.csproj", "{AB4C1C80-78B8-4949-8686-0CF5C7922E14}"
EndProject
Project("{FAE04EC0-301F-11D3-BF4B-00C04F79EFBC}") = "ConsoleApp3-14", "ConsoleApp3-14\ConsoleApp3-14.csproj", "{1BB85894-1756-4B52-871B-1C8DACCA0D76}"
EndProject
Project("{FAE04EC0-301F-11D3-BF4B-00C04F79EFBC}") = "ConsoleApp3-15", "ConsoleApp3-15\ConsoleApp3-15.csproj", "{5BE72F77-C53A-4275-9009-0EB7D92F0947}"
EndProject
Project("{FAE04EC0-301F-11D3-BF4B-00C04F79EFBC}") = "ConsoleApp3-16", "ConsoleApp3-16\ConsoleApp3-16.csproj", "{1BFAB4AC-1009-4F99-BADE-4DFEB86379D2}"
EndProject
Project("{2150E333-8FDC-42A3-9474-1A3956D46DE8}") = "Chapter02", "Chapter02", "{490B3F15-1FF2-411C-8989-1BE7BB1D3D99}"
EndProject
Project("{2150E333-8FDC-42A3-9474-1A3956D46DE8}") = "Chapter03", "Chapter03", "{D12EA06C-385F-4FAD-B2C4-5976178E0AC9}"
EndProject
Project("{2150E333-8FDC-42A3-9474-1A3956D46DE8}") = "Appendix", "Appendix", "{D6D132B8-60F2-4574-B84B-3412EC7D4DA5}"
EndProject
Project("{FAE04EC0-301F-11D3-BF4B-00C04F79EFBC}") = "ConsoleAppA-1", "ConsoleAppA-1\ConsoleAppA-1.csproj", "{F5770F1D-E4B9-4770-8BE2-558D4C3A3DD5}"
EndProject
Project("{FAE04EC0-301F-11D3-BF4B-00C04F79EFBC}") = "ConsoleAppA-2", "ConsoleAppA-2\ConsoleAppA-2.csproj", "{BABDF123-5BAB-4442-8B5E-0E6F7A98A26E}"
EndProject
Project("{FAE04EC0-301F-11D3-BF4B-00C04F79EFBC}") = "ConsoleAppA-3", "ConsoleAppA-3\ConsoleAppA-3.csproj", "{2B671BFC-9C17-453E-8A18-13F34C97678E}"
EndProject
Project("{FAE04EC0-301F-11D3-BF4B-00C04F79EFBC}") = "ConsoleAppA-4", "ConsoleAppA-4\ConsoleAppA-4.csproj", "{24A40B94-5E37-4CE3-AE11-9168C4E9A0D5}"
EndProject
Project("{FAE04EC0-301F-11D3-BF4B-00C04F79EFBC}") = "ConsoleAppA-5", "ConsoleAppA-5\ConsoleAppA-5.csproj", "{D8747183-F98C-4951-A6C9-A0352DA24469}"
EndProject
Project("{FAE04EC0-301F-11D3-BF4B-00C04F79EFBC}") = "ConsoleAppA-6", "ConsoleAppA-6\ConsoleAppA-6.csproj", "{D538F360-EDB4-4351-A33C-8BB3B3F6EBA3}"
EndProject
Project("{FAE04EC0-301F-11D3-BF4B-00C04F79EFBC}") = "ConsoleAppA-7", "ConsoleAppA-7\ConsoleAppA-7.csproj", "{3DA12654-87B3-4FB0-99B1-2DECC3901E79}"
EndProject
Project("{FAE04EC0-301F-11D3-BF4B-00C04F79EFBC}") = "ConsoleAppA-8", "ConsoleAppA-8\ConsoleAppA-8.csproj", "{AFFB97E1-5EC1-415E-A53C-8CEA3306EFFF}"
EndProject
Project("{2150E333-8FDC-42A3-9474-1A3956D46DE8}") = "Chapter04", "Chapter04", "{7B05B87D-6905-4EA7-A9ED-C7D08F47BC52}"
EndProject
Project("{FAE04EC0-301F-11D3-BF4B-00C04F79EFBC}") = "ConsoleApp4-1", "ConsoleApp4-1\ConsoleApp4-1.csproj", "{BC36CCB2-C881-437B-B696-8A7806C195B0}"
EndProject
Project("{FAE04EC0-301F-11D3-BF4B-00C04F79EFBC}") = "ConsoleApp4-2", "ConsoleApp4-2\ConsoleApp4-2.csproj", "{B98CE47A-8763-44B5-905F-52E41B8A4241}"
EndProject
Project("{FAE04EC0-301F-11D3-BF4B-00C04F79EFBC}") = "ConsoleApp4-3", "ConsoleApp4-3\ConsoleApp4-3.csproj", "{1D03F070-2ED3-4079-88D1-7E08FD37B79D}"
EndProject
Project("{FAE04EC0-301F-11D3-BF4B-00C04F79EFBC}") = "ConsoleApp4-4", "ConsoleApp4-4\ConsoleApp4-4.csproj", "{CDC30649-9130-48DF-83A8-C452874015EC}"
EndProject
Project("{FAE04EC0-301F-11D3-BF4B-00C04F79EFBC}") = "ConsoleApp4-5", "ConsoleApp4-5\ConsoleApp4-5.csproj", "{9EF61133-7DEF-46AE-B6B8-C75DF5F35FA2}"
EndProject
Project("{FAE04EC0-301F-11D3-BF4B-00C04F79EFBC}") = "ConsoleApp4-6", "ConsoleApp4-6\ConsoleApp4-6.csproj", "{F5CC223A-149E-48E1-B5FD-2E47467B203A}"
EndProject
Project("{FAE04EC0-301F-11D3-BF4B-00C04F79EFBC}") = "ConsoleApp4-7", "ConsoleApp4-7\ConsoleApp4-7.csproj", "{58D3E329-DD8B-4D5D-B172-97A90DFBE92B}"
EndProject
Project("{FAE04EC0-301F-11D3-BF4B-00C04F79EFBC}") = "ConsoleApp4-8", "ConsoleApp4-8\ConsoleApp4-8.csproj", "{4F67431D-DC30-4148-9AEE-E0B989579348}"
EndProject
Project("{FAE04EC0-301F-11D3-BF4B-00C04F79EFBC}") = "ConsoleApp4-9", "ConsoleApp4-9\ConsoleApp4-9.csproj", "{EEEB6198-3E9E-4062-AABD-4C0CE5E5AD41}"
EndProject
Project("{FAE04EC0-301F-11D3-BF4B-00C04F79EFBC}") = "ConsoleApp4-10", "ConsoleApp4-10\ConsoleApp4-10.csproj", "{A0772AD9-5E88-4630-81E5-8274E5A62B86}"
EndProject
Project("{FAE04EC0-301F-11D3-BF4B-00C04F79EFBC}") = "ConsoleApp4-11", "ConsoleApp4-11\ConsoleApp4-11.csproj", "{A3FC614D-E050-442E-8A53-F9965EF9417D}"
EndProject
Project("{FAE04EC0-301F-11D3-BF4B-00C04F79EFBC}") = "ConsoleApp4-12", "ConsoleApp4-12\ConsoleApp4-12.csproj", "{7CFB6661-62C3-4782-BB7F-67ECA8F57E85}"
EndProject
Project("{2150E333-8FDC-42A3-9474-1A3956D46DE8}") = "Chapter05", "Chapter05", "{F3D42AFE-07F8-4C32-BD03-B3A31C062B92}"
EndProject
Project("{FAE04EC0-301F-11D3-BF4B-00C04F79EFBC}") = "ConsoleApp5-1", "ConsoleApp5-1\ConsoleApp5-1.csproj", "{931929DC-7386-4409-AF5E-C3E168C161C3}"
EndProject
Project("{FAE04EC0-301F-11D3-BF4B-00C04F79EFBC}") = "ConsoleApp5-2", "ConsoleApp5-2\ConsoleApp5-2.csproj", "{A5054C5D-DF50-4B85-965A-729E9C874A32}"
EndProject
Project("{FAE04EC0-301F-11D3-BF4B-00C04F79EFBC}") = "ConsoleApp5-3", "ConsoleApp5-3\ConsoleApp5-3.csproj", "{17C91109-E30E-43DF-90BF-7EED24C7FF9F}"
EndProject
Project("{FAE04EC0-301F-11D3-BF4B-00C04F79EFBC}") = "ConsoleApp5-4", "ConsoleApp5-4\ConsoleApp5-4.csproj", "{970C3E28-0FB3-4B76-8EA1-592A7DCC31AE}"
EndProject
Project("{FAE04EC0-301F-11D3-BF4B-00C04F79EFBC}") = "ConsoleApp5-5", "ConsoleApp5-5\ConsoleApp5-5.csproj", "{86A8E57F-805F-4210-81EC-460C8411FA05}"
EndProject
Project("{FAE04EC0-301F-11D3-BF4B-00C04F79EFBC}") = "ConsoleApp5-6", "ConsoleApp5-6\ConsoleApp5-6.csproj", "{63EC5C38-782E-4371-8114-4AA4691F3DC8}"
EndProject
Project("{FAE04EC0-301F-11D3-BF4B-00C04F79EFBC}") = "ConsoleApp5-7", "ConsoleApp5-7\ConsoleApp5-7.csproj", "{11C7DFAD-45B9-4A30-9A38-866A27C9E494}"
EndProject
Project("{FAE04EC0-301F-11D3-BF4B-00C04F79EFBC}") = "ConsoleApp5-8", "ConsoleApp5-8\ConsoleApp5-8.csproj", "{64E6C589-BCC3-4067-8B2E-E0EC0E63668F}"
EndProject
Project("{FAE04EC0-301F-11D3-BF4B-00C04F79EFBC}") = "ConsoleApp5-9", "ConsoleApp5-9\ConsoleApp5-9.csproj", "{F2C63F3B-6A48-4F47-8ECA-2AFFC59CABCB}"
EndProject
Project("{FAE04EC0-301F-11D3-BF4B-00C04F79EFBC}") = "ConsoleApp5-10", "ConsoleApp5-10\ConsoleApp5-10.csproj", "{2B397893-1C80-4FBD-A792-C16EA0D86E02}"
EndProject
Project("{FAE04EC0-301F-11D3-BF4B-00C04F79EFBC}") = "ConsoleApp5-11", "ConsoleApp5-11\ConsoleApp5-11.csproj", "{987C94C8-0274-4476-9628-E4DD7815C1CC}"
EndProject
Project("{FAE04EC0-301F-11D3-BF4B-00C04F79EFBC}") = "ConsoleApp5-12", "ConsoleApp5-12\ConsoleApp5-12.csproj", "{A0D0AC6A-F09A-43DD-837B-5FF506E5D301}"
EndProject
Project("{FAE04EC0-301F-11D3-BF4B-00C04F79EFBC}") = "ConsoleApp5-13", "ConsoleApp5-13\ConsoleApp5-13.csproj", "{C618B747-E163-48BE-A44B-BA715764BBE4}"
EndProject
Project("{2150E333-8FDC-42A3-9474-1A3956D46DE8}") = "Chapter06", "Chapter06", "{90F6A2A1-7166-4A55-899C-17090E7508A5}"
EndProject
Project("{FAE04EC0-301F-11D3-BF4B-00C04F79EFBC}") = "ConsoleApp6-1", "ConsoleApp6-1\ConsoleApp6-1.csproj", "{36238D5C-3E90-47BD-AE56-DAB9C8DBC96D}"
EndProject
Project("{FAE04EC0-301F-11D3-BF4B-00C04F79EFBC}") = "ConsoleApp6-2", "ConsoleApp6-2\ConsoleApp6-2.csproj", "{0E2931F6-CF5A-430F-B8F4-E4A8695CFC6D}"
EndProject
Project("{FAE04EC0-301F-11D3-BF4B-00C04F79EFBC}") = "ConsoleApp6-3", "ConsoleApp6-3\ConsoleApp6-3.csproj", "{025F8474-8593-4148-B99B-5C3626EC98D2}"
EndProject
Project("{FAE04EC0-301F-11D3-BF4B-00C04F79EFBC}") = "ConsoleApp6-4", "ConsoleApp6-4\ConsoleApp6-4.csproj", "{D728EA8E-808F-41E5-9961-8D0F6A3F3A28}"
EndProject
Project("{FAE04EC0-301F-11D3-BF4B-00C04F79EFBC}") = "ConsoleApp6-5", "ConsoleApp6-5\ConsoleApp6-5.csproj", "{ABA26BDB-4E81-461F-946A-37A6A47F1842}"
EndProject
Project("{FAE04EC0-301F-11D3-BF4B-00C04F79EFBC}") = "ConsoleApp6-6", "ConsoleApp6-6\ConsoleApp6-6.csproj", "{888A10DD-B0AA-4749-8682-42F4C5F5E3BE}"
EndProject
Project("{FAE04EC0-301F-11D3-BF4B-00C04F79EFBC}") = "ConsoleApp6-7", "ConsoleApp6-7\ConsoleApp6-7.csproj", "{3752737B-5907-4639-9281-387CFE7A1BD4}"
EndProject
Project("{FAE04EC0-301F-11D3-BF4B-00C04F79EFBC}") = "ConsoleApp6-8", "ConsoleApp6-8\ConsoleApp6-8.csproj", "{A5EC85B2-4C0F-4BF7-B7EA-E23925BC64B1}"
EndProject
Project("{FAE04EC0-301F-11D3-BF4B-00C04F79EFBC}") = "ConsoleApp6-9", "ConsoleApp6-9\ConsoleApp6-9.csproj", "{81CF8A68-87AF-48DB-B6DA-F1D1D0C0AEB5}"
EndProject
Project("{FAE04EC0-301F-11D3-BF4B-00C04F79EFBC}") = "ConsoleApp6-10", "ConsoleApp6-10\ConsoleApp6-10.csproj", "{B06931D0-BCB1-45C5-92A7-A153A7AB91B2}"
EndProject
Project("{FAE04EC0-301F-11D3-BF4B-00C04F79EFBC}") = "ConsoleApp6-11", "ConsoleApp6-11\ConsoleApp6-11.csproj", "{E947FFB4-1888-4FD8-8590-7E932D896E3E}"
EndProject
Project("{FAE04EC0-301F-11D3-BF4B-00C04F79EFBC}") = "ConsoleApp6-12", "ConsoleApp6-12\ConsoleApp6-12.csproj", "{6CB89A91-18B5-423F-8933-538524747191}"
EndProject
Project("{FAE04EC0-301F-11D3-BF4B-00C04F79EFBC}") = "ConsoleApp6-13", "ConsoleApp6-13\ConsoleApp6-13.csproj", "{36DE0AC5-F6BA-4DDC-9FCA-F96D85C8F02A}"
EndProject
Project("{FAE04EC0-301F-11D3-BF4B-00C04F79EFBC}") = "ConsoleApp6-14", "ConsoleApp6-14\ConsoleApp6-14.csproj", "{C3FF1F17-7735-49A4-8E4E-4D34A2282507}"
EndProject
Project("{2150E333-8FDC-42A3-9474-1A3956D46DE8}") = "Chapter07", "Chapter07", "{CAE6B7F7-62B6-4D83-9AC1-BD7458CD8A32}"
EndProject
Project("{FAE04EC0-301F-11D3-BF4B-00C04F79EFBC}") = "ConsoleApp7-1", "ConsoleApp7-1\ConsoleApp7-1.csproj", "{02ACCDEF-2EBA-494D-9952-45C3C9DEC195}"
EndProject
Project("{FAE04EC0-301F-11D3-BF4B-00C04F79EFBC}") = "ConsoleApp7-2", "ConsoleApp7-2\ConsoleApp7-2.csproj", "{88B8D785-2C63-474D-A099-2A617A05180A}"
EndProject
Project("{FAE04EC0-301F-11D3-BF4B-00C04F79EFBC}") = "ConsoleApp7-3", "ConsoleApp7-3\ConsoleApp7-3.csproj", "{1EEA0032-44C2-4094-AC1D-A8A6C0CFD403}"
EndProject
Project("{FAE04EC0-301F-11D3-BF4B-00C04F79EFBC}") = "ConsoleApp7-4", "ConsoleApp7-4\ConsoleApp7-4.csproj", "{8353DFCB-4397-49DE-8A7A-0B42DC5EE1FE}"
EndProject
Project("{FAE04EC0-301F-11D3-BF4B-00C04F79EFBC}") = "ConsoleApp7-5", "ConsoleApp7-5\ConsoleApp7-5.csproj", "{F330E35D-C796-4E3A-8568-0C2F9E521791}"
EndProject
Project("{FAE04EC0-301F-11D3-BF4B-00C04F79EFBC}") = "ConsoleApp7-6", "ConsoleApp7-6\ConsoleApp7-6.csproj", "{194A668B-901B-4294-AB8E-0040A584FAFB}"
EndProject
Project("{FAE04EC0-301F-11D3-BF4B-00C04F79EFBC}") = "ConsoleApp7-7", "ConsoleApp7-7\ConsoleApp7-7.csproj", "{3C7D65B0-5C1E-43BA-8927-D63E21CB6A17}"
EndProject
Project("{FAE04EC0-301F-11D3-BF4B-00C04F79EFBC}") = "ConsoleApp7-8", "ConsoleApp7-8\ConsoleApp7-8.csproj", "{784E82EC-361A-419F-9A9F-5A3EF9B77C0B}"
EndProject
Project("{FAE04EC0-301F-11D3-BF4B-00C04F79EFBC}") = "ConsoleApp7-9", "ConsoleApp7-9\ConsoleApp7-9.csproj", "{D27FDFC9-ECC6-48FC-B525-21B8C3A1937C}"
EndProject
Project("{FAE04EC0-301F-11D3-BF4B-00C04F79EFBC}") = "ConsoleApp7-10", "ConsoleApp7-10\ConsoleApp7-10.csproj", "{F90D088C-1A51-4B29-80C9-0CB4BB8DF9B0}"
EndProject
Project("{FAE04EC0-301F-11D3-BF4B-00C04F79EFBC}") = "ConsoleApp7-11", "ConsoleApp7-11\ConsoleApp7-11.csproj", "{FDC3C74E-C0B7-4516-B01B-B30E51791BF5}"
EndProject
Project("{FAE04EC0-301F-11D3-BF4B-00C04F79EFBC}") = "ConsoleApp7-12", "ConsoleApp7-12\ConsoleApp7-12.csproj", "{FBAC4D22-F76B-4076-A3E3-90F08F075E56}"
EndProject
Project("{FAE04EC0-301F-11D3-BF4B-00C04F79EFBC}") = "ConsoleApp7-13", "ConsoleApp7-13\ConsoleApp7-13.csproj", "{13E996B5-2252-4E8C-9CFF-0F9F61BDA147}"
EndProject
Project("{FAE04EC0-301F-11D3-BF4B-00C04F79EFBC}") = "ConsoleApp7-14", "ConsoleApp7-14\ConsoleApp7-14.csproj", "{E0350960-7479-4E13-A9B8-A67BE834F779}"
EndProject
Project("{FAE04EC0-301F-11D3-BF4B-00C04F79EFBC}") = "ConsoleApp7-15", "ConsoleApp7-15\ConsoleApp7-15.csproj", "{647EFB25-0A38-440F-B16D-0729C29D444D}"
EndProject
Project("{FAE04EC0-301F-11D3-BF4B-00C04F79EFBC}") = "ConsoleApp7-16", "ConsoleApp7-16\ConsoleApp7-16.csproj", "{E3130D88-1FE8-4A96-89A9-9BAA191E449A}"
EndProject
Project("{FAE04EC0-301F-11D3-BF4B-00C04F79EFBC}") = "ConsoleApp7-17", "ConsoleApp7-17\ConsoleApp7-17.csproj", "{328282EE-37D2-45D6-A325-813198BB1A49}"
EndProject
Project("{2150E333-8FDC-42A3-9474-1A3956D46DE8}") = "Chapter08", "Chapter08", "{F1A0D785-5EA5-48ED-8E85-06D91ADD2BCF}"
EndProject
Project("{FAE04EC0-301F-11D3-BF4B-00C04F79EFBC}") = "ConsoleApp8-1", "ConsoleApp8-1\ConsoleApp8-1.csproj", "{12AF0DF7-7249-4E53-9FEF-9038C2CE4B24}"
EndProject
Project("{FAE04EC0-301F-11D3-BF4B-00C04F79EFBC}") = "ConsoleApp8-2", "ConsoleApp8-2\ConsoleApp8-2.csproj", "{570EE06B-502C-42F4-94A6-F48659635656}"
EndProject
Project("{FAE04EC0-301F-11D3-BF4B-00C04F79EFBC}") = "ConsoleApp8-3", "ConsoleApp8-3\ConsoleApp8-3.csproj", "{674933DF-B945-4E71-B0E1-8325731CD1FD}"
EndProject
Project("{FAE04EC0-301F-11D3-BF4B-00C04F79EFBC}") = "ConsoleApp8-4", "ConsoleApp8-4\ConsoleApp8-4.csproj", "{9CC5B156-838B-4CF6-B16A-CE76ADF96E08}"
EndProject
Project("{2150E333-8FDC-42A3-9474-1A3956D46DE8}") = "Chapter09", "Chapter09", "{17412143-89A2-45A8-962C-B4B1E9AB7DC8}"
EndProject
Project("{FAE04EC0-301F-11D3-BF4B-00C04F79EFBC}") = "ConsoleApp9-1", "ConsoleApp9-1\ConsoleApp9-1.csproj", "{E6E08BD7-E28D-4F3D-B146-F090E15AF768}"
EndProject
Project("{FAE04EC0-301F-11D3-BF4B-00C04F79EFBC}") = "ConsoleApp9-2", "ConsoleApp9-2\ConsoleApp9-2.csproj", "{0776D263-09B8-4D89-81F2-A2F1E067ED7A}"
EndProject
Project("{FAE04EC0-301F-11D3-BF4B-00C04F79EFBC}") = "ConsoleApp9-3", "ConsoleApp9-3\ConsoleApp9-3.csproj", "{13D52179-D7C6-4F68-A1D0-54BD607F7B29}"
EndProject
Project("{FAE04EC0-301F-11D3-BF4B-00C04F79EFBC}") = "ConsoleApp9-4", "ConsoleApp9-4\ConsoleApp9-4.csproj", "{F4FF4750-FBE4-45C6-9941-84624E66C826}"
EndProject
Project("{FAE04EC0-301F-11D3-BF4B-00C04F79EFBC}") = "ConsoleApp9-5", "ConsoleApp9-5\ConsoleApp9-5.csproj", "{AC1D3103-77E7-45BF-8002-9CD78CA43144}"
EndProject
Project("{FAE04EC0-301F-11D3-BF4B-00C04F79EFBC}") = "ConsoleApp9-6", "ConsoleApp9-6\ConsoleApp9-6.csproj", "{04951CD3-6A46-4ABF-AD09-5A2675E6A3D8}"
EndProject
Project("{FAE04EC0-301F-11D3-BF4B-00C04F79EFBC}") = "ConsoleApp9-7", "ConsoleApp9-7\ConsoleApp9-7.csproj", "{70643355-D6AC-451D-849F-4AD26D3D3332}"
EndProject
Project("{FAE04EC0-301F-11D3-BF4B-00C04F79EFBC}") = "ConsoleApp9-8", "ConsoleApp9-8\ConsoleApp9-8.csproj", "{18150D00-8BD2-4F25-8E2C-F28168A1238F}"
EndProject
Project("{2150E333-8FDC-42A3-9474-1A3956D46DE8}") = "Chapter10", "Chapter10", "{6F3A68F2-02D9-42AA-8C1F-45E684862847}"
EndProject
Project("{FAE04EC0-301F-11D3-BF4B-00C04F79EFBC}") = "ConsoleApp10-1", "ConsoleApp10-1\ConsoleApp10-1.csproj", "{869CDEF4-4EFD-4BE9-AC16-827E6033F2D8}"
EndProject
Project("{FAE04EC0-301F-11D3-BF4B-00C04F79EFBC}") = "ConsoleApp10-2", "ConsoleApp10-2\ConsoleApp10-2.csproj", "{FEC2CCE3-F73B-4F6A-9B90-6FF25B321024}"
EndProject
Project("{FAE04EC0-301F-11D3-BF4B-00C04F79EFBC}") = "ConsoleApp10-3", "ConsoleApp10-3\ConsoleApp10-3.csproj", "{B747FC78-9090-4CDC-B230-6C2F65D6991E}"
EndProject
Project("{FAE04EC0-301F-11D3-BF4B-00C04F79EFBC}") = "ConsoleApp10-4", "ConsoleApp10-4\ConsoleApp10-4.csproj", "{DFD88EA6-4DEB-4100-9659-B79414606532}"
EndProject
Project("{FAE04EC0-301F-11D3-BF4B-00C04F79EFBC}") = "ConsoleApp10-5", "ConsoleApp10-5\ConsoleApp10-5.csproj", "{2666EFF6-8EB8-4285-9753-E3D7AB86C7CF}"
EndProject
Project("{FAE04EC0-301F-11D3-BF4B-00C04F79EFBC}") = "ConsoleApp10-6", "ConsoleApp10-6\ConsoleApp10-6.csproj", "{A3E794F2-8444-4DFE-9115-CF463425A359}"
EndProject
Project("{FAE04EC0-301F-11D3-BF4B-00C04F79EFBC}") = "ConsoleApp10-7", "ConsoleApp10-7\ConsoleApp10-7.csproj", "{486B8571-F59E-46C3-8FF7-0272943A3B5C}"
EndProject
Project("{FAE04EC0-301F-11D3-BF4B-00C04F79EFBC}") = "ConsoleApp10-8", "ConsoleApp10-8\ConsoleApp10-8.csproj", "{1821E88E-2BED-4874-844B-AD0E7A8D1516}"
EndProject
Project("{FAE04EC0-301F-11D3-BF4B-00C04F79EFBC}") = "ConsoleApp10-9", "ConsoleApp10-9\ConsoleApp10-9.csproj", "{EAAF2C0A-C7F4-4D53-96E3-9359C7DAA2E9}"
EndProject
Project("{FAE04EC0-301F-11D3-BF4B-00C04F79EFBC}") = "ConsoleApp10-10", "ConsoleApp10-10\ConsoleApp10-10.csproj", "{2C7E4673-2A59-454F-9A28-202118C5C9E2}"
EndProject
Project("{FAE04EC0-301F-11D3-BF4B-00C04F79EFBC}") = "ConsoleApp10-11", "ConsoleApp10-11\ConsoleApp10-11.csproj", "{6BC49E25-9F4E-45CE-80FA-07CBC005E533}"
EndProject
Project("{FAE04EC0-301F-11D3-BF4B-00C04F79EFBC}") = "ConsoleApp10-12", "ConsoleApp10-12\ConsoleApp10-12.csproj", "{1B9E40CD-8E09-46E6-9616-5C3FD3EE1882}"
EndProject
Project("{FAE04EC0-301F-11D3-BF4B-00C04F79EFBC}") = "ConsoleApp10-13", "ConsoleApp10-13\ConsoleApp10-13.csproj", "{43ABA6C6-3350-4CAC-813C-9AE6B4F7BBB4}"
EndProject
Project("{FAE04EC0-301F-11D3-BF4B-00C04F79EFBC}") = "ConsoleApp10-14", "ConsoleApp10-14\ConsoleApp10-14.csproj", "{240038BB-9EE8-41FC-9885-2868441E5D2A}"
EndProject
Project("{FAE04EC0-301F-11D3-BF4B-00C04F79EFBC}") = "ConsoleApp10-15", "ConsoleApp10-15\ConsoleApp10-15.csproj", "{3E52DD3C-0AD2-4E0C-98BE-8FD69267CB2B}"
EndProject
Project("{FAE04EC0-301F-11D3-BF4B-00C04F79EFBC}") = "ConsoleApp10-16", "ConsoleApp10-16\ConsoleApp10-16.csproj", "{4A8A418C-B76B-4C88-8782-13422A10D466}"
EndProject
Project("{FAE04EC0-301F-11D3-BF4B-00C04F79EFBC}") = "ConsoleApp10-17", "ConsoleApp10-17\ConsoleApp10-17.csproj", "{E24D556E-DB58-4437-9EA4-7056EE6D6C64}"
EndProject
Project("{2150E333-8FDC-42A3-9474-1A3956D46DE8}") = "Chapter11", "Chapter11", "{F1668AF8-A834-418B-867B-D03E91BA67D9}"
EndProject
Project("{FAE04EC0-301F-11D3-BF4B-00C04F79EFBC}") = "ConsoleApp11-1", "ConsoleApp11-1\ConsoleApp11-1.csproj", "{57028DFB-B137-4F04-8259-12CD9D66D39F}"
EndProject
Project("{FAE04EC0-301F-11D3-BF4B-00C04F79EFBC}") = "ConsoleApp11-2", "ConsoleApp11-2\ConsoleApp11-2.csproj", "{6000C67E-B801-4EB1-AA18-D89E9539AB3B}"
EndProject
Project("{FAE04EC0-301F-11D3-BF4B-00C04F79EFBC}") = "ConsoleApp11-3", "ConsoleApp11-3\ConsoleApp11-3.csproj", "{0B440978-07A6-4FDC-B15F-B6EB34FFAC3A}"
EndProject
Project("{FAE04EC0-301F-11D3-BF4B-00C04F79EFBC}") = "ConsoleApp11-4", "ConsoleApp11-4\ConsoleApp11-4.csproj", "{EDA472DA-BD31-47D1-882A-0F685D1EC024}"
EndProject
Project("{FAE04EC0-301F-11D3-BF4B-00C04F79EFBC}") = "ConsoleApp11-5", "ConsoleApp11-5\ConsoleApp11-5.csproj", "{9DCF3FF5-FD5D-48E0-8291-09B5A6322394}"
EndProject
Project("{FAE04EC0-301F-11D3-BF4B-00C04F79EFBC}") = "ConsoleApp11-6", "ConsoleApp11-6\ConsoleApp11-6.csproj", "{6BD663B1-B349-448C-A485-6308284DF6B9}"
EndProject
Project("{FAE04EC0-301F-11D3-BF4B-00C04F79EFBC}") = "ConsoleApp11-7", "ConsoleApp11-7\ConsoleApp11-7.csproj", "{8D9545B6-0025-4D9A-B795-EB53B9CEFCB7}"
EndProject
Project("{FAE04EC0-301F-11D3-BF4B-00C04F79EFBC}") = "ConsoleApp11-8", "ConsoleApp11-8\ConsoleApp11-8.csproj", "{DF23F1AB-5620-493D-B3C6-B8EB97AF9BDF}"
EndProject
Project("{2150E333-8FDC-42A3-9474-1A3956D46DE8}") = "Chapter12", "Chapter12", "{83DBE466-C48C-48DE-BAD5-C7C7C6B7AA3D}"
EndProject
Project("{FAE04EC0-301F-11D3-BF4B-00C04F79EFBC}") = "ConsoleApp12-1", "ConsoleApp12-1\ConsoleApp12-1.csproj", "{2462DBC6-23C7-4880-AE80-97F18094F449}"
EndProject
Project("{FAE04EC0-301F-11D3-BF4B-00C04F79EFBC}") = "ConsoleApp12-2", "ConsoleApp12-2\ConsoleApp12-2.csproj", "{B7532628-1BEA-4381-9116-48D14A355743}"
EndProject
Project("{FAE04EC0-301F-11D3-BF4B-00C04F79EFBC}") = "ConsoleApp12-3", "ConsoleApp12-3\ConsoleApp12-3.csproj", "{8558C0D9-C505-497D-8CC2-BAC6E08D42BC}"
EndProject
Project("{FAE04EC0-301F-11D3-BF4B-00C04F79EFBC}") = "ConsoleApp12-4", "ConsoleApp12-4\ConsoleApp12-4.csproj", "{8CA43187-9B80-4E5B-9C9E-2A8E4E96E5E7}"
EndProject
Project("{FAE04EC0-301F-11D3-BF4B-00C04F79EFBC}") = "ConsoleApp12-5", "ConsoleApp12-5\ConsoleApp12-5.csproj", "{DEDB9CE6-504F-4778-B940-842D24077DBA}"
EndProject
Project("{FAE04EC0-301F-11D3-BF4B-00C04F79EFBC}") = "ConsoleApp12-7", "ConsoleApp12-7\ConsoleApp12-7.csproj", "{BE053D0C-082B-4B4D-80FD-35D35B55E0A3}"
EndProject
Project("{FAE04EC0-301F-11D3-BF4B-00C04F79EFBC}") = "ConsoleApp12-6", "ConsoleApp12-6\ConsoleApp12-6.csproj", "{95DA01AE-E973-4360-9227-BD003A85B9CE}"
EndProject
Project("{FAE04EC0-301F-11D3-BF4B-00C04F79EFBC}") = "ConsoleApp12-8", "ConsoleApp12-8\ConsoleApp12-8.csproj", "{AD8CF56B-B91D-406A-A7B3-B585AD80A5F0}"
EndProject
Project("{2150E333-8FDC-42A3-9474-1A3956D46DE8}") = "Chapter13", "Chapter13", "{16F05AFF-195B-4F95-AE14-0FBBE6FB707E}"
EndProject
Project("{FAE04EC0-301F-11D3-BF4B-00C04F79EFBC}") = "ConsoleApp13-1", "ConsoleApp13-1\ConsoleApp13-1.csproj", "{C98FB808-092F-426B-AB5B-E747AB18E208}"
EndProject
Project("{FAE04EC0-301F-11D3-BF4B-00C04F79EFBC}") = "ConsoleApp13-2", "ConsoleApp13-2\ConsoleApp13-2.csproj", "{EF3585EA-5FF2-484E-9A70-5FE7D53B2B37}"
EndProject
Project("{FAE04EC0-301F-11D3-BF4B-00C04F79EFBC}") = "ConsoleApp13-3", "ConsoleApp13-3\ConsoleApp13-3.csproj", "{B6E16DEC-FFDF-45B0-A46D-80606BF6D1C9}"
EndProject
Project("{FAE04EC0-301F-11D3-BF4B-00C04F79EFBC}") = "ConsoleApp13-4", "ConsoleApp13-4\ConsoleApp13-4.csproj", "{57A9F24E-153C-4DBC-BB40-AD2F5A7ED994}"
EndProject
Project("{FAE04EC0-301F-11D3-BF4B-00C04F79EFBC}") = "ConsoleApp13-5", "ConsoleApp13-5\ConsoleApp13-5.csproj", "{2FFD097E-C977-45B0-9CD8-97CE4455C3A0}"
EndProject
Project("{FAE04EC0-301F-11D3-BF4B-00C04F79EFBC}") = "ConsoleApp13-6", "ConsoleApp13-6\ConsoleApp13-6.csproj", "{D6A48CCA-D068-4688-A0C4-8EA87FDDADD2}"
EndProject
Project("{FAE04EC0-301F-11D3-BF4B-00C04F79EFBC}") = "ConsoleApp13-7", "ConsoleApp13-7\ConsoleApp13-7.csproj", "{E870BDF8-E9AB-49C4-898A-6A08D24B51D8}"
EndProject
Project("{FAE04EC0-301F-11D3-BF4B-00C04F79EFBC}") = "ConsoleApp13-8", "ConsoleApp13-8\ConsoleApp13-8.csproj", "{5B4B9230-DE91-4E4C-8F1B-5F0FEFCB0EFA}"
EndProject
Project("{2150E333-8FDC-42A3-9474-1A3956D46DE8}") = "Chapter14", "Chapter14", "{A7C06B22-4C6F-43B5-B365-657DF896B4FF}"
EndProject
Project("{FAE04EC0-301F-11D3-BF4B-00C04F79EFBC}") = "ConsoleApp14-1", "ConsoleApp14-1\ConsoleApp14-1.csproj", "{BD05C42B-8661-43A1-BA2D-E5C6114E3B23}"
EndProject
Project("{FAE04EC0-301F-11D3-BF4B-00C04F79EFBC}") = "ConsoleApp14-2", "ConsoleApp14-2\ConsoleApp14-2.csproj", "{FDBF011C-4132-4731-86A1-7B3116AD19BC}"
EndProject
Project("{FAE04EC0-301F-11D3-BF4B-00C04F79EFBC}") = "ConsoleApp14-3", "ConsoleApp14-3\ConsoleApp14-3.csproj", "{5F6D751C-9FB8-4BE7-9899-2EB4F1A1696F}"
EndProject
Project("{FAE04EC0-301F-11D3-BF4B-00C04F79EFBC}") = "ConsoleApp14-4", "ConsoleApp14-4\ConsoleApp14-4.csproj", "{678E2D5A-1DBD-473D-8360-67242D4DFCC5}"
EndProject
Project("{FAE04EC0-301F-11D3-BF4B-00C04F79EFBC}") = "ConsoleApp14-5", "ConsoleApp14-5\ConsoleApp14-5.csproj", "{C4E3C408-DDBE-4702-B918-E2702DF3C674}"
EndProject
Project("{FAE04EC0-301F-11D3-BF4B-00C04F79EFBC}") = "ConsoleApp14-6", "ConsoleApp14-6\ConsoleApp14-6.csproj", "{D18AB21B-27D1-4072-8C83-BFFFB78EAA13}"
EndProject
Project("{FAE04EC0-301F-11D3-BF4B-00C04F79EFBC}") = "ConsoleApp14-7", "ConsoleApp14-7\ConsoleApp14-7.csproj", "{E92A07A9-AC67-42AD-8FD6-CCB6DF892B72}"
EndProject
Project("{FAE04EC0-301F-11D3-BF4B-00C04F79EFBC}") = "ConsoleApp14-8", "ConsoleApp14-8\ConsoleApp14-8.csproj", "{FC8BD33B-3E5D-41F0-A38A-1C6F0EE501BA}"
EndProject
Project("{2150E333-8FDC-42A3-9474-1A3956D46DE8}") = "Chapter15", "Chapter15", "{A520767D-EE43-4DF8-830F-A66134FE5183}"
EndProject
Project("{FAE04EC0-301F-11D3-BF4B-00C04F79EFBC}") = "ConsoleApp15-1", "ConsoleApp15-1\ConsoleApp15-1.csproj", "{41DA3B57-6FE8-463F-BD8C-38FDD17F707F}"
EndProject
Global
	GlobalSection(SolutionConfigurationPlatforms) = preSolution
		Debug|Any CPU = Debug|Any CPU
		Release|Any CPU = Release|Any CPU
	EndGlobalSection
	GlobalSection(ProjectConfigurationPlatforms) = postSolution
		{D237D563-61B7-4224-B001-F91A396AE109}.Debug|Any CPU.ActiveCfg = Debug|Any CPU
		{D237D563-61B7-4224-B001-F91A396AE109}.Debug|Any CPU.Build.0 = Debug|Any CPU
		{D237D563-61B7-4224-B001-F91A396AE109}.Release|Any CPU.ActiveCfg = Release|Any CPU
		{D237D563-61B7-4224-B001-F91A396AE109}.Release|Any CPU.Build.0 = Release|Any CPU
		{FC5C436A-020A-4656-AB4E-E2D8F13309C2}.Debug|Any CPU.ActiveCfg = Debug|Any CPU
		{FC5C436A-020A-4656-AB4E-E2D8F13309C2}.Debug|Any CPU.Build.0 = Debug|Any CPU
		{FC5C436A-020A-4656-AB4E-E2D8F13309C2}.Release|Any CPU.ActiveCfg = Release|Any CPU
		{FC5C436A-020A-4656-AB4E-E2D8F13309C2}.Release|Any CPU.Build.0 = Release|Any CPU
		{BB20A298-DBC7-4ACB-B6BD-57E3F048B269}.Debug|Any CPU.ActiveCfg = Debug|Any CPU
		{BB20A298-DBC7-4ACB-B6BD-57E3F048B269}.Debug|Any CPU.Build.0 = Debug|Any CPU
		{BB20A298-DBC7-4ACB-B6BD-57E3F048B269}.Release|Any CPU.ActiveCfg = Release|Any CPU
		{BB20A298-DBC7-4ACB-B6BD-57E3F048B269}.Release|Any CPU.Build.0 = Release|Any CPU
		{80D0007E-B14D-4815-B93F-5CDC961C57C8}.Debug|Any CPU.ActiveCfg = Debug|Any CPU
		{80D0007E-B14D-4815-B93F-5CDC961C57C8}.Debug|Any CPU.Build.0 = Debug|Any CPU
		{80D0007E-B14D-4815-B93F-5CDC961C57C8}.Release|Any CPU.ActiveCfg = Release|Any CPU
		{80D0007E-B14D-4815-B93F-5CDC961C57C8}.Release|Any CPU.Build.0 = Release|Any CPU
		{35EC190C-85C0-445F-9F07-A62EACF94F8B}.Debug|Any CPU.ActiveCfg = Debug|Any CPU
		{35EC190C-85C0-445F-9F07-A62EACF94F8B}.Debug|Any CPU.Build.0 = Debug|Any CPU
		{35EC190C-85C0-445F-9F07-A62EACF94F8B}.Release|Any CPU.ActiveCfg = Release|Any CPU
		{35EC190C-85C0-445F-9F07-A62EACF94F8B}.Release|Any CPU.Build.0 = Release|Any CPU
		{463010B1-392E-4204-B69E-9E24F28A96F3}.Debug|Any CPU.ActiveCfg = Debug|Any CPU
		{463010B1-392E-4204-B69E-9E24F28A96F3}.Debug|Any CPU.Build.0 = Debug|Any CPU
		{463010B1-392E-4204-B69E-9E24F28A96F3}.Release|Any CPU.ActiveCfg = Release|Any CPU
		{463010B1-392E-4204-B69E-9E24F28A96F3}.Release|Any CPU.Build.0 = Release|Any CPU
		{10ED3136-285F-4FC4-951D-FD0DD69F8DD0}.Debug|Any CPU.ActiveCfg = Debug|Any CPU
		{10ED3136-285F-4FC4-951D-FD0DD69F8DD0}.Debug|Any CPU.Build.0 = Debug|Any CPU
		{10ED3136-285F-4FC4-951D-FD0DD69F8DD0}.Release|Any CPU.ActiveCfg = Release|Any CPU
		{10ED3136-285F-4FC4-951D-FD0DD69F8DD0}.Release|Any CPU.Build.0 = Release|Any CPU
		{DCAF4404-A01E-4887-BCF0-37DE1DFE1014}.Debug|Any CPU.ActiveCfg = Debug|Any CPU
		{DCAF4404-A01E-4887-BCF0-37DE1DFE1014}.Debug|Any CPU.Build.0 = Debug|Any CPU
		{DCAF4404-A01E-4887-BCF0-37DE1DFE1014}.Release|Any CPU.ActiveCfg = Release|Any CPU
		{DCAF4404-A01E-4887-BCF0-37DE1DFE1014}.Release|Any CPU.Build.0 = Release|Any CPU
		{FE8685D3-99C5-4F1F-9AD5-125AF4C0CABA}.Debug|Any CPU.ActiveCfg = Debug|Any CPU
		{FE8685D3-99C5-4F1F-9AD5-125AF4C0CABA}.Debug|Any CPU.Build.0 = Debug|Any CPU
		{FE8685D3-99C5-4F1F-9AD5-125AF4C0CABA}.Release|Any CPU.ActiveCfg = Release|Any CPU
		{FE8685D3-99C5-4F1F-9AD5-125AF4C0CABA}.Release|Any CPU.Build.0 = Release|Any CPU
		{96D956A9-E460-4464-A1F4-ABACE4155BCC}.Debug|Any CPU.ActiveCfg = Debug|Any CPU
		{96D956A9-E460-4464-A1F4-ABACE4155BCC}.Debug|Any CPU.Build.0 = Debug|Any CPU
		{96D956A9-E460-4464-A1F4-ABACE4155BCC}.Release|Any CPU.ActiveCfg = Release|Any CPU
		{96D956A9-E460-4464-A1F4-ABACE4155BCC}.Release|Any CPU.Build.0 = Release|Any CPU
		{95B94BFB-EBDB-449B-8906-D9F5E37C06A5}.Debug|Any CPU.ActiveCfg = Debug|Any CPU
		{95B94BFB-EBDB-449B-8906-D9F5E37C06A5}.Debug|Any CPU.Build.0 = Debug|Any CPU
		{95B94BFB-EBDB-449B-8906-D9F5E37C06A5}.Release|Any CPU.ActiveCfg = Release|Any CPU
		{95B94BFB-EBDB-449B-8906-D9F5E37C06A5}.Release|Any CPU.Build.0 = Release|Any CPU
		{4183A9BA-9FCE-448C-90B7-92715742B0E4}.Debug|Any CPU.ActiveCfg = Debug|Any CPU
		{4183A9BA-9FCE-448C-90B7-92715742B0E4}.Debug|Any CPU.Build.0 = Debug|Any CPU
		{4183A9BA-9FCE-448C-90B7-92715742B0E4}.Release|Any CPU.ActiveCfg = Release|Any CPU
		{4183A9BA-9FCE-448C-90B7-92715742B0E4}.Release|Any CPU.Build.0 = Release|Any CPU
		{FED253C0-B0B3-4157-9812-0AE02280C651}.Debug|Any CPU.ActiveCfg = Debug|Any CPU
		{FED253C0-B0B3-4157-9812-0AE02280C651}.Debug|Any CPU.Build.0 = Debug|Any CPU
		{FED253C0-B0B3-4157-9812-0AE02280C651}.Release|Any CPU.ActiveCfg = Release|Any CPU
		{FED253C0-B0B3-4157-9812-0AE02280C651}.Release|Any CPU.Build.0 = Release|Any CPU
		{AB4C1C80-78B8-4949-8686-0CF5C7922E14}.Debug|Any CPU.ActiveCfg = Debug|Any CPU
		{AB4C1C80-78B8-4949-8686-0CF5C7922E14}.Debug|Any CPU.Build.0 = Debug|Any CPU
		{AB4C1C80-78B8-4949-8686-0CF5C7922E14}.Release|Any CPU.ActiveCfg = Release|Any CPU
		{AB4C1C80-78B8-4949-8686-0CF5C7922E14}.Release|Any CPU.Build.0 = Release|Any CPU
		{1BB85894-1756-4B52-871B-1C8DACCA0D76}.Debug|Any CPU.ActiveCfg = Debug|Any CPU
		{1BB85894-1756-4B52-871B-1C8DACCA0D76}.Debug|Any CPU.Build.0 = Debug|Any CPU
		{1BB85894-1756-4B52-871B-1C8DACCA0D76}.Release|Any CPU.ActiveCfg = Release|Any CPU
		{1BB85894-1756-4B52-871B-1C8DACCA0D76}.Release|Any CPU.Build.0 = Release|Any CPU
		{5BE72F77-C53A-4275-9009-0EB7D92F0947}.Debug|Any CPU.ActiveCfg = Debug|Any CPU
		{5BE72F77-C53A-4275-9009-0EB7D92F0947}.Debug|Any CPU.Build.0 = Debug|Any CPU
		{5BE72F77-C53A-4275-9009-0EB7D92F0947}.Release|Any CPU.ActiveCfg = Release|Any CPU
		{5BE72F77-C53A-4275-9009-0EB7D92F0947}.Release|Any CPU.Build.0 = Release|Any CPU
		{1BFAB4AC-1009-4F99-BADE-4DFEB86379D2}.Debug|Any CPU.ActiveCfg = Debug|Any CPU
		{1BFAB4AC-1009-4F99-BADE-4DFEB86379D2}.Debug|Any CPU.Build.0 = Debug|Any CPU
		{1BFAB4AC-1009-4F99-BADE-4DFEB86379D2}.Release|Any CPU.ActiveCfg = Release|Any CPU
		{1BFAB4AC-1009-4F99-BADE-4DFEB86379D2}.Release|Any CPU.Build.0 = Release|Any CPU
		{F5770F1D-E4B9-4770-8BE2-558D4C3A3DD5}.Debug|Any CPU.ActiveCfg = Debug|Any CPU
		{F5770F1D-E4B9-4770-8BE2-558D4C3A3DD5}.Debug|Any CPU.Build.0 = Debug|Any CPU
		{F5770F1D-E4B9-4770-8BE2-558D4C3A3DD5}.Release|Any CPU.ActiveCfg = Release|Any CPU
		{F5770F1D-E4B9-4770-8BE2-558D4C3A3DD5}.Release|Any CPU.Build.0 = Release|Any CPU
		{BABDF123-5BAB-4442-8B5E-0E6F7A98A26E}.Debug|Any CPU.ActiveCfg = Debug|Any CPU
		{BABDF123-5BAB-4442-8B5E-0E6F7A98A26E}.Debug|Any CPU.Build.0 = Debug|Any CPU
		{BABDF123-5BAB-4442-8B5E-0E6F7A98A26E}.Release|Any CPU.ActiveCfg = Release|Any CPU
		{BABDF123-5BAB-4442-8B5E-0E6F7A98A26E}.Release|Any CPU.Build.0 = Release|Any CPU
		{2B671BFC-9C17-453E-8A18-13F34C97678E}.Debug|Any CPU.ActiveCfg = Debug|Any CPU
		{2B671BFC-9C17-453E-8A18-13F34C97678E}.Debug|Any CPU.Build.0 = Debug|Any CPU
		{2B671BFC-9C17-453E-8A18-13F34C97678E}.Release|Any CPU.ActiveCfg = Release|Any CPU
		{2B671BFC-9C17-453E-8A18-13F34C97678E}.Release|Any CPU.Build.0 = Release|Any CPU
		{24A40B94-5E37-4CE3-AE11-9168C4E9A0D5}.Debug|Any CPU.ActiveCfg = Debug|Any CPU
		{24A40B94-5E37-4CE3-AE11-9168C4E9A0D5}.Debug|Any CPU.Build.0 = Debug|Any CPU
		{24A40B94-5E37-4CE3-AE11-9168C4E9A0D5}.Release|Any CPU.ActiveCfg = Release|Any CPU
		{24A40B94-5E37-4CE3-AE11-9168C4E9A0D5}.Release|Any CPU.Build.0 = Release|Any CPU
		{D8747183-F98C-4951-A6C9-A0352DA24469}.Debug|Any CPU.ActiveCfg = Debug|Any CPU
		{D8747183-F98C-4951-A6C9-A0352DA24469}.Debug|Any CPU.Build.0 = Debug|Any CPU
		{D8747183-F98C-4951-A6C9-A0352DA24469}.Release|Any CPU.ActiveCfg = Release|Any CPU
		{D8747183-F98C-4951-A6C9-A0352DA24469}.Release|Any CPU.Build.0 = Release|Any CPU
		{D538F360-EDB4-4351-A33C-8BB3B3F6EBA3}.Debug|Any CPU.ActiveCfg = Debug|Any CPU
		{D538F360-EDB4-4351-A33C-8BB3B3F6EBA3}.Debug|Any CPU.Build.0 = Debug|Any CPU
		{D538F360-EDB4-4351-A33C-8BB3B3F6EBA3}.Release|Any CPU.ActiveCfg = Release|Any CPU
		{D538F360-EDB4-4351-A33C-8BB3B3F6EBA3}.Release|Any CPU.Build.0 = Release|Any CPU
		{3DA12654-87B3-4FB0-99B1-2DECC3901E79}.Debug|Any CPU.ActiveCfg = Debug|Any CPU
		{3DA12654-87B3-4FB0-99B1-2DECC3901E79}.Debug|Any CPU.Build.0 = Debug|Any CPU
		{3DA12654-87B3-4FB0-99B1-2DECC3901E79}.Release|Any CPU.ActiveCfg = Release|Any CPU
		{3DA12654-87B3-4FB0-99B1-2DECC3901E79}.Release|Any CPU.Build.0 = Release|Any CPU
		{AFFB97E1-5EC1-415E-A53C-8CEA3306EFFF}.Debug|Any CPU.ActiveCfg = Debug|Any CPU
		{AFFB97E1-5EC1-415E-A53C-8CEA3306EFFF}.Debug|Any CPU.Build.0 = Debug|Any CPU
		{AFFB97E1-5EC1-415E-A53C-8CEA3306EFFF}.Release|Any CPU.ActiveCfg = Release|Any CPU
		{AFFB97E1-5EC1-415E-A53C-8CEA3306EFFF}.Release|Any CPU.Build.0 = Release|Any CPU
		{BC36CCB2-C881-437B-B696-8A7806C195B0}.Debug|Any CPU.ActiveCfg = Debug|Any CPU
		{BC36CCB2-C881-437B-B696-8A7806C195B0}.Debug|Any CPU.Build.0 = Debug|Any CPU
		{BC36CCB2-C881-437B-B696-8A7806C195B0}.Release|Any CPU.ActiveCfg = Release|Any CPU
		{BC36CCB2-C881-437B-B696-8A7806C195B0}.Release|Any CPU.Build.0 = Release|Any CPU
		{B98CE47A-8763-44B5-905F-52E41B8A4241}.Debug|Any CPU.ActiveCfg = Debug|Any CPU
		{B98CE47A-8763-44B5-905F-52E41B8A4241}.Debug|Any CPU.Build.0 = Debug|Any CPU
		{B98CE47A-8763-44B5-905F-52E41B8A4241}.Release|Any CPU.ActiveCfg = Release|Any CPU
		{B98CE47A-8763-44B5-905F-52E41B8A4241}.Release|Any CPU.Build.0 = Release|Any CPU
		{1D03F070-2ED3-4079-88D1-7E08FD37B79D}.Debug|Any CPU.ActiveCfg = Debug|Any CPU
		{1D03F070-2ED3-4079-88D1-7E08FD37B79D}.Debug|Any CPU.Build.0 = Debug|Any CPU
		{1D03F070-2ED3-4079-88D1-7E08FD37B79D}.Release|Any CPU.ActiveCfg = Release|Any CPU
		{1D03F070-2ED3-4079-88D1-7E08FD37B79D}.Release|Any CPU.Build.0 = Release|Any CPU
		{CDC30649-9130-48DF-83A8-C452874015EC}.Debug|Any CPU.ActiveCfg = Debug|Any CPU
		{CDC30649-9130-48DF-83A8-C452874015EC}.Debug|Any CPU.Build.0 = Debug|Any CPU
		{CDC30649-9130-48DF-83A8-C452874015EC}.Release|Any CPU.ActiveCfg = Release|Any CPU
		{CDC30649-9130-48DF-83A8-C452874015EC}.Release|Any CPU.Build.0 = Release|Any CPU
		{9EF61133-7DEF-46AE-B6B8-C75DF5F35FA2}.Debug|Any CPU.ActiveCfg = Debug|Any CPU
		{9EF61133-7DEF-46AE-B6B8-C75DF5F35FA2}.Debug|Any CPU.Build.0 = Debug|Any CPU
		{9EF61133-7DEF-46AE-B6B8-C75DF5F35FA2}.Release|Any CPU.ActiveCfg = Release|Any CPU
		{9EF61133-7DEF-46AE-B6B8-C75DF5F35FA2}.Release|Any CPU.Build.0 = Release|Any CPU
		{F5CC223A-149E-48E1-B5FD-2E47467B203A}.Debug|Any CPU.ActiveCfg = Debug|Any CPU
		{F5CC223A-149E-48E1-B5FD-2E47467B203A}.Debug|Any CPU.Build.0 = Debug|Any CPU
		{F5CC223A-149E-48E1-B5FD-2E47467B203A}.Release|Any CPU.ActiveCfg = Release|Any CPU
		{F5CC223A-149E-48E1-B5FD-2E47467B203A}.Release|Any CPU.Build.0 = Release|Any CPU
		{58D3E329-DD8B-4D5D-B172-97A90DFBE92B}.Debug|Any CPU.ActiveCfg = Debug|Any CPU
		{58D3E329-DD8B-4D5D-B172-97A90DFBE92B}.Debug|Any CPU.Build.0 = Debug|Any CPU
		{58D3E329-DD8B-4D5D-B172-97A90DFBE92B}.Release|Any CPU.ActiveCfg = Release|Any CPU
		{58D3E329-DD8B-4D5D-B172-97A90DFBE92B}.Release|Any CPU.Build.0 = Release|Any CPU
		{4F67431D-DC30-4148-9AEE-E0B989579348}.Debug|Any CPU.ActiveCfg = Debug|Any CPU
		{4F67431D-DC30-4148-9AEE-E0B989579348}.Debug|Any CPU.Build.0 = Debug|Any CPU
		{4F67431D-DC30-4148-9AEE-E0B989579348}.Release|Any CPU.ActiveCfg = Release|Any CPU
		{4F67431D-DC30-4148-9AEE-E0B989579348}.Release|Any CPU.Build.0 = Release|Any CPU
		{EEEB6198-3E9E-4062-AABD-4C0CE5E5AD41}.Debug|Any CPU.ActiveCfg = Debug|Any CPU
		{EEEB6198-3E9E-4062-AABD-4C0CE5E5AD41}.Debug|Any CPU.Build.0 = Debug|Any CPU
		{EEEB6198-3E9E-4062-AABD-4C0CE5E5AD41}.Release|Any CPU.ActiveCfg = Release|Any CPU
		{EEEB6198-3E9E-4062-AABD-4C0CE5E5AD41}.Release|Any CPU.Build.0 = Release|Any CPU
		{A0772AD9-5E88-4630-81E5-8274E5A62B86}.Debug|Any CPU.ActiveCfg = Debug|Any CPU
		{A0772AD9-5E88-4630-81E5-8274E5A62B86}.Debug|Any CPU.Build.0 = Debug|Any CPU
		{A0772AD9-5E88-4630-81E5-8274E5A62B86}.Release|Any CPU.ActiveCfg = Release|Any CPU
		{A0772AD9-5E88-4630-81E5-8274E5A62B86}.Release|Any CPU.Build.0 = Release|Any CPU
		{A3FC614D-E050-442E-8A53-F9965EF9417D}.Debug|Any CPU.ActiveCfg = Debug|Any CPU
		{A3FC614D-E050-442E-8A53-F9965EF9417D}.Debug|Any CPU.Build.0 = Debug|Any CPU
		{A3FC614D-E050-442E-8A53-F9965EF9417D}.Release|Any CPU.ActiveCfg = Release|Any CPU
		{A3FC614D-E050-442E-8A53-F9965EF9417D}.Release|Any CPU.Build.0 = Release|Any CPU
		{7CFB6661-62C3-4782-BB7F-67ECA8F57E85}.Debug|Any CPU.ActiveCfg = Debug|Any CPU
		{7CFB6661-62C3-4782-BB7F-67ECA8F57E85}.Debug|Any CPU.Build.0 = Debug|Any CPU
		{7CFB6661-62C3-4782-BB7F-67ECA8F57E85}.Release|Any CPU.ActiveCfg = Release|Any CPU
		{7CFB6661-62C3-4782-BB7F-67ECA8F57E85}.Release|Any CPU.Build.0 = Release|Any CPU
		{931929DC-7386-4409-AF5E-C3E168C161C3}.Debug|Any CPU.ActiveCfg = Debug|Any CPU
		{931929DC-7386-4409-AF5E-C3E168C161C3}.Debug|Any CPU.Build.0 = Debug|Any CPU
		{931929DC-7386-4409-AF5E-C3E168C161C3}.Release|Any CPU.ActiveCfg = Release|Any CPU
		{931929DC-7386-4409-AF5E-C3E168C161C3}.Release|Any CPU.Build.0 = Release|Any CPU
		{A5054C5D-DF50-4B85-965A-729E9C874A32}.Debug|Any CPU.ActiveCfg = Debug|Any CPU
		{A5054C5D-DF50-4B85-965A-729E9C874A32}.Debug|Any CPU.Build.0 = Debug|Any CPU
		{A5054C5D-DF50-4B85-965A-729E9C874A32}.Release|Any CPU.ActiveCfg = Release|Any CPU
		{A5054C5D-DF50-4B85-965A-729E9C874A32}.Release|Any CPU.Build.0 = Release|Any CPU
		{17C91109-E30E-43DF-90BF-7EED24C7FF9F}.Debug|Any CPU.ActiveCfg = Debug|Any CPU
		{17C91109-E30E-43DF-90BF-7EED24C7FF9F}.Debug|Any CPU.Build.0 = Debug|Any CPU
		{17C91109-E30E-43DF-90BF-7EED24C7FF9F}.Release|Any CPU.ActiveCfg = Release|Any CPU
		{17C91109-E30E-43DF-90BF-7EED24C7FF9F}.Release|Any CPU.Build.0 = Release|Any CPU
		{970C3E28-0FB3-4B76-8EA1-592A7DCC31AE}.Debug|Any CPU.ActiveCfg = Debug|Any CPU
		{970C3E28-0FB3-4B76-8EA1-592A7DCC31AE}.Debug|Any CPU.Build.0 = Debug|Any CPU
		{970C3E28-0FB3-4B76-8EA1-592A7DCC31AE}.Release|Any CPU.ActiveCfg = Release|Any CPU
		{970C3E28-0FB3-4B76-8EA1-592A7DCC31AE}.Release|Any CPU.Build.0 = Release|Any CPU
		{86A8E57F-805F-4210-81EC-460C8411FA05}.Debug|Any CPU.ActiveCfg = Debug|Any CPU
		{86A8E57F-805F-4210-81EC-460C8411FA05}.Debug|Any CPU.Build.0 = Debug|Any CPU
		{86A8E57F-805F-4210-81EC-460C8411FA05}.Release|Any CPU.ActiveCfg = Release|Any CPU
		{86A8E57F-805F-4210-81EC-460C8411FA05}.Release|Any CPU.Build.0 = Release|Any CPU
		{63EC5C38-782E-4371-8114-4AA4691F3DC8}.Debug|Any CPU.ActiveCfg = Debug|Any CPU
		{63EC5C38-782E-4371-8114-4AA4691F3DC8}.Debug|Any CPU.Build.0 = Debug|Any CPU
		{63EC5C38-782E-4371-8114-4AA4691F3DC8}.Release|Any CPU.ActiveCfg = Release|Any CPU
		{63EC5C38-782E-4371-8114-4AA4691F3DC8}.Release|Any CPU.Build.0 = Release|Any CPU
		{11C7DFAD-45B9-4A30-9A38-866A27C9E494}.Debug|Any CPU.ActiveCfg = Debug|Any CPU
		{11C7DFAD-45B9-4A30-9A38-866A27C9E494}.Debug|Any CPU.Build.0 = Debug|Any CPU
		{11C7DFAD-45B9-4A30-9A38-866A27C9E494}.Release|Any CPU.ActiveCfg = Release|Any CPU
		{11C7DFAD-45B9-4A30-9A38-866A27C9E494}.Release|Any CPU.Build.0 = Release|Any CPU
		{64E6C589-BCC3-4067-8B2E-E0EC0E63668F}.Debug|Any CPU.ActiveCfg = Debug|Any CPU
		{64E6C589-BCC3-4067-8B2E-E0EC0E63668F}.Debug|Any CPU.Build.0 = Debug|Any CPU
		{64E6C589-BCC3-4067-8B2E-E0EC0E63668F}.Release|Any CPU.ActiveCfg = Release|Any CPU
		{64E6C589-BCC3-4067-8B2E-E0EC0E63668F}.Release|Any CPU.Build.0 = Release|Any CPU
		{F2C63F3B-6A48-4F47-8ECA-2AFFC59CABCB}.Debug|Any CPU.ActiveCfg = Debug|Any CPU
		{F2C63F3B-6A48-4F47-8ECA-2AFFC59CABCB}.Debug|Any CPU.Build.0 = Debug|Any CPU
		{F2C63F3B-6A48-4F47-8ECA-2AFFC59CABCB}.Release|Any CPU.ActiveCfg = Release|Any CPU
		{F2C63F3B-6A48-4F47-8ECA-2AFFC59CABCB}.Release|Any CPU.Build.0 = Release|Any CPU
		{2B397893-1C80-4FBD-A792-C16EA0D86E02}.Debug|Any CPU.ActiveCfg = Debug|Any CPU
		{2B397893-1C80-4FBD-A792-C16EA0D86E02}.Debug|Any CPU.Build.0 = Debug|Any CPU
		{2B397893-1C80-4FBD-A792-C16EA0D86E02}.Release|Any CPU.ActiveCfg = Release|Any CPU
		{2B397893-1C80-4FBD-A792-C16EA0D86E02}.Release|Any CPU.Build.0 = Release|Any CPU
		{987C94C8-0274-4476-9628-E4DD7815C1CC}.Debug|Any CPU.ActiveCfg = Debug|Any CPU
		{987C94C8-0274-4476-9628-E4DD7815C1CC}.Debug|Any CPU.Build.0 = Debug|Any CPU
		{987C94C8-0274-4476-9628-E4DD7815C1CC}.Release|Any CPU.ActiveCfg = Release|Any CPU
		{987C94C8-0274-4476-9628-E4DD7815C1CC}.Release|Any CPU.Build.0 = Release|Any CPU
		{A0D0AC6A-F09A-43DD-837B-5FF506E5D301}.Debug|Any CPU.ActiveCfg = Debug|Any CPU
		{A0D0AC6A-F09A-43DD-837B-5FF506E5D301}.Debug|Any CPU.Build.0 = Debug|Any CPU
		{A0D0AC6A-F09A-43DD-837B-5FF506E5D301}.Release|Any CPU.ActiveCfg = Release|Any CPU
		{A0D0AC6A-F09A-43DD-837B-5FF506E5D301}.Release|Any CPU.Build.0 = Release|Any CPU
		{C618B747-E163-48BE-A44B-BA715764BBE4}.Debug|Any CPU.ActiveCfg = Debug|Any CPU
		{C618B747-E163-48BE-A44B-BA715764BBE4}.Debug|Any CPU.Build.0 = Debug|Any CPU
		{C618B747-E163-48BE-A44B-BA715764BBE4}.Release|Any CPU.ActiveCfg = Release|Any CPU
		{C618B747-E163-48BE-A44B-BA715764BBE4}.Release|Any CPU.Build.0 = Release|Any CPU
		{36238D5C-3E90-47BD-AE56-DAB9C8DBC96D}.Debug|Any CPU.ActiveCfg = Debug|Any CPU
		{36238D5C-3E90-47BD-AE56-DAB9C8DBC96D}.Debug|Any CPU.Build.0 = Debug|Any CPU
		{36238D5C-3E90-47BD-AE56-DAB9C8DBC96D}.Release|Any CPU.ActiveCfg = Release|Any CPU
		{36238D5C-3E90-47BD-AE56-DAB9C8DBC96D}.Release|Any CPU.Build.0 = Release|Any CPU
		{0E2931F6-CF5A-430F-B8F4-E4A8695CFC6D}.Debug|Any CPU.ActiveCfg = Debug|Any CPU
		{0E2931F6-CF5A-430F-B8F4-E4A8695CFC6D}.Debug|Any CPU.Build.0 = Debug|Any CPU
		{0E2931F6-CF5A-430F-B8F4-E4A8695CFC6D}.Release|Any CPU.ActiveCfg = Release|Any CPU
		{0E2931F6-CF5A-430F-B8F4-E4A8695CFC6D}.Release|Any CPU.Build.0 = Release|Any CPU
		{025F8474-8593-4148-B99B-5C3626EC98D2}.Debug|Any CPU.ActiveCfg = Debug|Any CPU
		{025F8474-8593-4148-B99B-5C3626EC98D2}.Debug|Any CPU.Build.0 = Debug|Any CPU
		{025F8474-8593-4148-B99B-5C3626EC98D2}.Release|Any CPU.ActiveCfg = Release|Any CPU
		{025F8474-8593-4148-B99B-5C3626EC98D2}.Release|Any CPU.Build.0 = Release|Any CPU
		{D728EA8E-808F-41E5-9961-8D0F6A3F3A28}.Debug|Any CPU.ActiveCfg = Debug|Any CPU
		{D728EA8E-808F-41E5-9961-8D0F6A3F3A28}.Debug|Any CPU.Build.0 = Debug|Any CPU
		{D728EA8E-808F-41E5-9961-8D0F6A3F3A28}.Release|Any CPU.ActiveCfg = Release|Any CPU
		{D728EA8E-808F-41E5-9961-8D0F6A3F3A28}.Release|Any CPU.Build.0 = Release|Any CPU
		{ABA26BDB-4E81-461F-946A-37A6A47F1842}.Debug|Any CPU.ActiveCfg = Debug|Any CPU
		{ABA26BDB-4E81-461F-946A-37A6A47F1842}.Debug|Any CPU.Build.0 = Debug|Any CPU
		{ABA26BDB-4E81-461F-946A-37A6A47F1842}.Release|Any CPU.ActiveCfg = Release|Any CPU
		{ABA26BDB-4E81-461F-946A-37A6A47F1842}.Release|Any CPU.Build.0 = Release|Any CPU
		{888A10DD-B0AA-4749-8682-42F4C5F5E3BE}.Debug|Any CPU.ActiveCfg = Debug|Any CPU
		{888A10DD-B0AA-4749-8682-42F4C5F5E3BE}.Debug|Any CPU.Build.0 = Debug|Any CPU
		{888A10DD-B0AA-4749-8682-42F4C5F5E3BE}.Release|Any CPU.ActiveCfg = Release|Any CPU
		{888A10DD-B0AA-4749-8682-42F4C5F5E3BE}.Release|Any CPU.Build.0 = Release|Any CPU
		{3752737B-5907-4639-9281-387CFE7A1BD4}.Debug|Any CPU.ActiveCfg = Debug|Any CPU
		{3752737B-5907-4639-9281-387CFE7A1BD4}.Debug|Any CPU.Build.0 = Debug|Any CPU
		{3752737B-5907-4639-9281-387CFE7A1BD4}.Release|Any CPU.ActiveCfg = Release|Any CPU
		{3752737B-5907-4639-9281-387CFE7A1BD4}.Release|Any CPU.Build.0 = Release|Any CPU
		{A5EC85B2-4C0F-4BF7-B7EA-E23925BC64B1}.Debug|Any CPU.ActiveCfg = Debug|Any CPU
		{A5EC85B2-4C0F-4BF7-B7EA-E23925BC64B1}.Debug|Any CPU.Build.0 = Debug|Any CPU
		{A5EC85B2-4C0F-4BF7-B7EA-E23925BC64B1}.Release|Any CPU.ActiveCfg = Release|Any CPU
		{A5EC85B2-4C0F-4BF7-B7EA-E23925BC64B1}.Release|Any CPU.Build.0 = Release|Any CPU
		{81CF8A68-87AF-48DB-B6DA-F1D1D0C0AEB5}.Debug|Any CPU.ActiveCfg = Debug|Any CPU
		{81CF8A68-87AF-48DB-B6DA-F1D1D0C0AEB5}.Debug|Any CPU.Build.0 = Debug|Any CPU
		{81CF8A68-87AF-48DB-B6DA-F1D1D0C0AEB5}.Release|Any CPU.ActiveCfg = Release|Any CPU
		{81CF8A68-87AF-48DB-B6DA-F1D1D0C0AEB5}.Release|Any CPU.Build.0 = Release|Any CPU
		{B06931D0-BCB1-45C5-92A7-A153A7AB91B2}.Debug|Any CPU.ActiveCfg = Debug|Any CPU
		{B06931D0-BCB1-45C5-92A7-A153A7AB91B2}.Debug|Any CPU.Build.0 = Debug|Any CPU
		{B06931D0-BCB1-45C5-92A7-A153A7AB91B2}.Release|Any CPU.ActiveCfg = Release|Any CPU
		{B06931D0-BCB1-45C5-92A7-A153A7AB91B2}.Release|Any CPU.Build.0 = Release|Any CPU
		{E947FFB4-1888-4FD8-8590-7E932D896E3E}.Debug|Any CPU.ActiveCfg = Debug|Any CPU
		{E947FFB4-1888-4FD8-8590-7E932D896E3E}.Debug|Any CPU.Build.0 = Debug|Any CPU
		{E947FFB4-1888-4FD8-8590-7E932D896E3E}.Release|Any CPU.ActiveCfg = Release|Any CPU
		{E947FFB4-1888-4FD8-8590-7E932D896E3E}.Release|Any CPU.Build.0 = Release|Any CPU
		{6CB89A91-18B5-423F-8933-538524747191}.Debug|Any CPU.ActiveCfg = Debug|Any CPU
		{6CB89A91-18B5-423F-8933-538524747191}.Debug|Any CPU.Build.0 = Debug|Any CPU
		{6CB89A91-18B5-423F-8933-538524747191}.Release|Any CPU.ActiveCfg = Release|Any CPU
		{6CB89A91-18B5-423F-8933-538524747191}.Release|Any CPU.Build.0 = Release|Any CPU
		{36DE0AC5-F6BA-4DDC-9FCA-F96D85C8F02A}.Debug|Any CPU.ActiveCfg = Debug|Any CPU
		{36DE0AC5-F6BA-4DDC-9FCA-F96D85C8F02A}.Debug|Any CPU.Build.0 = Debug|Any CPU
		{36DE0AC5-F6BA-4DDC-9FCA-F96D85C8F02A}.Release|Any CPU.ActiveCfg = Release|Any CPU
		{36DE0AC5-F6BA-4DDC-9FCA-F96D85C8F02A}.Release|Any CPU.Build.0 = Release|Any CPU
		{C3FF1F17-7735-49A4-8E4E-4D34A2282507}.Debug|Any CPU.ActiveCfg = Debug|Any CPU
		{C3FF1F17-7735-49A4-8E4E-4D34A2282507}.Debug|Any CPU.Build.0 = Debug|Any CPU
		{C3FF1F17-7735-49A4-8E4E-4D34A2282507}.Release|Any CPU.ActiveCfg = Release|Any CPU
		{C3FF1F17-7735-49A4-8E4E-4D34A2282507}.Release|Any CPU.Build.0 = Release|Any CPU
		{02ACCDEF-2EBA-494D-9952-45C3C9DEC195}.Debug|Any CPU.ActiveCfg = Debug|Any CPU
		{02ACCDEF-2EBA-494D-9952-45C3C9DEC195}.Debug|Any CPU.Build.0 = Debug|Any CPU
		{02ACCDEF-2EBA-494D-9952-45C3C9DEC195}.Release|Any CPU.ActiveCfg = Release|Any CPU
		{02ACCDEF-2EBA-494D-9952-45C3C9DEC195}.Release|Any CPU.Build.0 = Release|Any CPU
		{88B8D785-2C63-474D-A099-2A617A05180A}.Debug|Any CPU.ActiveCfg = Debug|Any CPU
		{88B8D785-2C63-474D-A099-2A617A05180A}.Debug|Any CPU.Build.0 = Debug|Any CPU
		{88B8D785-2C63-474D-A099-2A617A05180A}.Release|Any CPU.ActiveCfg = Release|Any CPU
		{88B8D785-2C63-474D-A099-2A617A05180A}.Release|Any CPU.Build.0 = Release|Any CPU
		{1EEA0032-44C2-4094-AC1D-A8A6C0CFD403}.Debug|Any CPU.ActiveCfg = Debug|Any CPU
		{1EEA0032-44C2-4094-AC1D-A8A6C0CFD403}.Debug|Any CPU.Build.0 = Debug|Any CPU
		{1EEA0032-44C2-4094-AC1D-A8A6C0CFD403}.Release|Any CPU.ActiveCfg = Release|Any CPU
		{1EEA0032-44C2-4094-AC1D-A8A6C0CFD403}.Release|Any CPU.Build.0 = Release|Any CPU
		{8353DFCB-4397-49DE-8A7A-0B42DC5EE1FE}.Debug|Any CPU.ActiveCfg = Debug|Any CPU
		{8353DFCB-4397-49DE-8A7A-0B42DC5EE1FE}.Debug|Any CPU.Build.0 = Debug|Any CPU
		{8353DFCB-4397-49DE-8A7A-0B42DC5EE1FE}.Release|Any CPU.ActiveCfg = Release|Any CPU
		{8353DFCB-4397-49DE-8A7A-0B42DC5EE1FE}.Release|Any CPU.Build.0 = Release|Any CPU
		{F330E35D-C796-4E3A-8568-0C2F9E521791}.Debug|Any CPU.ActiveCfg = Debug|Any CPU
		{F330E35D-C796-4E3A-8568-0C2F9E521791}.Debug|Any CPU.Build.0 = Debug|Any CPU
		{F330E35D-C796-4E3A-8568-0C2F9E521791}.Release|Any CPU.ActiveCfg = Release|Any CPU
		{F330E35D-C796-4E3A-8568-0C2F9E521791}.Release|Any CPU.Build.0 = Release|Any CPU
		{194A668B-901B-4294-AB8E-0040A584FAFB}.Debug|Any CPU.ActiveCfg = Debug|Any CPU
		{194A668B-901B-4294-AB8E-0040A584FAFB}.Debug|Any CPU.Build.0 = Debug|Any CPU
		{194A668B-901B-4294-AB8E-0040A584FAFB}.Release|Any CPU.ActiveCfg = Release|Any CPU
		{194A668B-901B-4294-AB8E-0040A584FAFB}.Release|Any CPU.Build.0 = Release|Any CPU
		{3C7D65B0-5C1E-43BA-8927-D63E21CB6A17}.Debug|Any CPU.ActiveCfg = Debug|Any CPU
		{3C7D65B0-5C1E-43BA-8927-D63E21CB6A17}.Debug|Any CPU.Build.0 = Debug|Any CPU
		{3C7D65B0-5C1E-43BA-8927-D63E21CB6A17}.Release|Any CPU.ActiveCfg = Release|Any CPU
		{3C7D65B0-5C1E-43BA-8927-D63E21CB6A17}.Release|Any CPU.Build.0 = Release|Any CPU
		{784E82EC-361A-419F-9A9F-5A3EF9B77C0B}.Debug|Any CPU.ActiveCfg = Debug|Any CPU
		{784E82EC-361A-419F-9A9F-5A3EF9B77C0B}.Debug|Any CPU.Build.0 = Debug|Any CPU
		{784E82EC-361A-419F-9A9F-5A3EF9B77C0B}.Release|Any CPU.ActiveCfg = Release|Any CPU
		{784E82EC-361A-419F-9A9F-5A3EF9B77C0B}.Release|Any CPU.Build.0 = Release|Any CPU
		{D27FDFC9-ECC6-48FC-B525-21B8C3A1937C}.Debug|Any CPU.ActiveCfg = Debug|Any CPU
		{D27FDFC9-ECC6-48FC-B525-21B8C3A1937C}.Debug|Any CPU.Build.0 = Debug|Any CPU
		{D27FDFC9-ECC6-48FC-B525-21B8C3A1937C}.Release|Any CPU.ActiveCfg = Release|Any CPU
		{D27FDFC9-ECC6-48FC-B525-21B8C3A1937C}.Release|Any CPU.Build.0 = Release|Any CPU
		{F90D088C-1A51-4B29-80C9-0CB4BB8DF9B0}.Debug|Any CPU.ActiveCfg = Debug|Any CPU
		{F90D088C-1A51-4B29-80C9-0CB4BB8DF9B0}.Debug|Any CPU.Build.0 = Debug|Any CPU
		{F90D088C-1A51-4B29-80C9-0CB4BB8DF9B0}.Release|Any CPU.ActiveCfg = Release|Any CPU
		{F90D088C-1A51-4B29-80C9-0CB4BB8DF9B0}.Release|Any CPU.Build.0 = Release|Any CPU
		{FDC3C74E-C0B7-4516-B01B-B30E51791BF5}.Debug|Any CPU.ActiveCfg = Debug|Any CPU
		{FDC3C74E-C0B7-4516-B01B-B30E51791BF5}.Debug|Any CPU.Build.0 = Debug|Any CPU
		{FDC3C74E-C0B7-4516-B01B-B30E51791BF5}.Release|Any CPU.ActiveCfg = Release|Any CPU
		{FDC3C74E-C0B7-4516-B01B-B30E51791BF5}.Release|Any CPU.Build.0 = Release|Any CPU
		{FBAC4D22-F76B-4076-A3E3-90F08F075E56}.Debug|Any CPU.ActiveCfg = Debug|Any CPU
		{FBAC4D22-F76B-4076-A3E3-90F08F075E56}.Debug|Any CPU.Build.0 = Debug|Any CPU
		{FBAC4D22-F76B-4076-A3E3-90F08F075E56}.Release|Any CPU.ActiveCfg = Release|Any CPU
		{FBAC4D22-F76B-4076-A3E3-90F08F075E56}.Release|Any CPU.Build.0 = Release|Any CPU
		{13E996B5-2252-4E8C-9CFF-0F9F61BDA147}.Debug|Any CPU.ActiveCfg = Debug|Any CPU
		{13E996B5-2252-4E8C-9CFF-0F9F61BDA147}.Debug|Any CPU.Build.0 = Debug|Any CPU
		{13E996B5-2252-4E8C-9CFF-0F9F61BDA147}.Release|Any CPU.ActiveCfg = Release|Any CPU
		{13E996B5-2252-4E8C-9CFF-0F9F61BDA147}.Release|Any CPU.Build.0 = Release|Any CPU
		{E0350960-7479-4E13-A9B8-A67BE834F779}.Debug|Any CPU.ActiveCfg = Debug|Any CPU
		{E0350960-7479-4E13-A9B8-A67BE834F779}.Debug|Any CPU.Build.0 = Debug|Any CPU
		{E0350960-7479-4E13-A9B8-A67BE834F779}.Release|Any CPU.ActiveCfg = Release|Any CPU
		{E0350960-7479-4E13-A9B8-A67BE834F779}.Release|Any CPU.Build.0 = Release|Any CPU
		{647EFB25-0A38-440F-B16D-0729C29D444D}.Debug|Any CPU.ActiveCfg = Debug|Any CPU
		{647EFB25-0A38-440F-B16D-0729C29D444D}.Debug|Any CPU.Build.0 = Debug|Any CPU
		{647EFB25-0A38-440F-B16D-0729C29D444D}.Release|Any CPU.ActiveCfg = Release|Any CPU
		{647EFB25-0A38-440F-B16D-0729C29D444D}.Release|Any CPU.Build.0 = Release|Any CPU
		{E3130D88-1FE8-4A96-89A9-9BAA191E449A}.Debug|Any CPU.ActiveCfg = Debug|Any CPU
		{E3130D88-1FE8-4A96-89A9-9BAA191E449A}.Debug|Any CPU.Build.0 = Debug|Any CPU
		{E3130D88-1FE8-4A96-89A9-9BAA191E449A}.Release|Any CPU.ActiveCfg = Release|Any CPU
		{E3130D88-1FE8-4A96-89A9-9BAA191E449A}.Release|Any CPU.Build.0 = Release|Any CPU
		{328282EE-37D2-45D6-A325-813198BB1A49}.Debug|Any CPU.ActiveCfg = Debug|Any CPU
		{328282EE-37D2-45D6-A325-813198BB1A49}.Debug|Any CPU.Build.0 = Debug|Any CPU
		{328282EE-37D2-45D6-A325-813198BB1A49}.Release|Any CPU.ActiveCfg = Release|Any CPU
		{328282EE-37D2-45D6-A325-813198BB1A49}.Release|Any CPU.Build.0 = Release|Any CPU
		{12AF0DF7-7249-4E53-9FEF-9038C2CE4B24}.Debug|Any CPU.ActiveCfg = Debug|Any CPU
		{12AF0DF7-7249-4E53-9FEF-9038C2CE4B24}.Debug|Any CPU.Build.0 = Debug|Any CPU
		{12AF0DF7-7249-4E53-9FEF-9038C2CE4B24}.Release|Any CPU.ActiveCfg = Release|Any CPU
		{12AF0DF7-7249-4E53-9FEF-9038C2CE4B24}.Release|Any CPU.Build.0 = Release|Any CPU
		{570EE06B-502C-42F4-94A6-F48659635656}.Debug|Any CPU.ActiveCfg = Debug|Any CPU
		{570EE06B-502C-42F4-94A6-F48659635656}.Debug|Any CPU.Build.0 = Debug|Any CPU
		{570EE06B-502C-42F4-94A6-F48659635656}.Release|Any CPU.ActiveCfg = Release|Any CPU
		{570EE06B-502C-42F4-94A6-F48659635656}.Release|Any CPU.Build.0 = Release|Any CPU
		{674933DF-B945-4E71-B0E1-8325731CD1FD}.Debug|Any CPU.ActiveCfg = Debug|Any CPU
		{674933DF-B945-4E71-B0E1-8325731CD1FD}.Debug|Any CPU.Build.0 = Debug|Any CPU
		{674933DF-B945-4E71-B0E1-8325731CD1FD}.Release|Any CPU.ActiveCfg = Release|Any CPU
		{674933DF-B945-4E71-B0E1-8325731CD1FD}.Release|Any CPU.Build.0 = Release|Any CPU
		{9CC5B156-838B-4CF6-B16A-CE76ADF96E08}.Debug|Any CPU.ActiveCfg = Debug|Any CPU
		{9CC5B156-838B-4CF6-B16A-CE76ADF96E08}.Debug|Any CPU.Build.0 = Debug|Any CPU
		{9CC5B156-838B-4CF6-B16A-CE76ADF96E08}.Release|Any CPU.ActiveCfg = Release|Any CPU
		{9CC5B156-838B-4CF6-B16A-CE76ADF96E08}.Release|Any CPU.Build.0 = Release|Any CPU
		{E6E08BD7-E28D-4F3D-B146-F090E15AF768}.Debug|Any CPU.ActiveCfg = Debug|Any CPU
		{E6E08BD7-E28D-4F3D-B146-F090E15AF768}.Debug|Any CPU.Build.0 = Debug|Any CPU
		{E6E08BD7-E28D-4F3D-B146-F090E15AF768}.Release|Any CPU.ActiveCfg = Release|Any CPU
		{E6E08BD7-E28D-4F3D-B146-F090E15AF768}.Release|Any CPU.Build.0 = Release|Any CPU
		{0776D263-09B8-4D89-81F2-A2F1E067ED7A}.Debug|Any CPU.ActiveCfg = Debug|Any CPU
		{0776D263-09B8-4D89-81F2-A2F1E067ED7A}.Debug|Any CPU.Build.0 = Debug|Any CPU
		{0776D263-09B8-4D89-81F2-A2F1E067ED7A}.Release|Any CPU.ActiveCfg = Release|Any CPU
		{0776D263-09B8-4D89-81F2-A2F1E067ED7A}.Release|Any CPU.Build.0 = Release|Any CPU
		{13D52179-D7C6-4F68-A1D0-54BD607F7B29}.Debug|Any CPU.ActiveCfg = Debug|Any CPU
		{13D52179-D7C6-4F68-A1D0-54BD607F7B29}.Debug|Any CPU.Build.0 = Debug|Any CPU
		{13D52179-D7C6-4F68-A1D0-54BD607F7B29}.Release|Any CPU.ActiveCfg = Release|Any CPU
		{13D52179-D7C6-4F68-A1D0-54BD607F7B29}.Release|Any CPU.Build.0 = Release|Any CPU
		{F4FF4750-FBE4-45C6-9941-84624E66C826}.Debug|Any CPU.ActiveCfg = Debug|Any CPU
		{F4FF4750-FBE4-45C6-9941-84624E66C826}.Debug|Any CPU.Build.0 = Debug|Any CPU
		{F4FF4750-FBE4-45C6-9941-84624E66C826}.Release|Any CPU.ActiveCfg = Release|Any CPU
		{F4FF4750-FBE4-45C6-9941-84624E66C826}.Release|Any CPU.Build.0 = Release|Any CPU
		{AC1D3103-77E7-45BF-8002-9CD78CA43144}.Debug|Any CPU.ActiveCfg = Debug|Any CPU
		{AC1D3103-77E7-45BF-8002-9CD78CA43144}.Debug|Any CPU.Build.0 = Debug|Any CPU
		{AC1D3103-77E7-45BF-8002-9CD78CA43144}.Release|Any CPU.ActiveCfg = Release|Any CPU
		{AC1D3103-77E7-45BF-8002-9CD78CA43144}.Release|Any CPU.Build.0 = Release|Any CPU
		{04951CD3-6A46-4ABF-AD09-5A2675E6A3D8}.Debug|Any CPU.ActiveCfg = Debug|Any CPU
		{04951CD3-6A46-4ABF-AD09-5A2675E6A3D8}.Debug|Any CPU.Build.0 = Debug|Any CPU
		{04951CD3-6A46-4ABF-AD09-5A2675E6A3D8}.Release|Any CPU.ActiveCfg = Release|Any CPU
		{04951CD3-6A46-4ABF-AD09-5A2675E6A3D8}.Release|Any CPU.Build.0 = Release|Any CPU
		{70643355-D6AC-451D-849F-4AD26D3D3332}.Debug|Any CPU.ActiveCfg = Debug|Any CPU
		{70643355-D6AC-451D-849F-4AD26D3D3332}.Debug|Any CPU.Build.0 = Debug|Any CPU
		{70643355-D6AC-451D-849F-4AD26D3D3332}.Release|Any CPU.ActiveCfg = Release|Any CPU
		{70643355-D6AC-451D-849F-4AD26D3D3332}.Release|Any CPU.Build.0 = Release|Any CPU
		{18150D00-8BD2-4F25-8E2C-F28168A1238F}.Debug|Any CPU.ActiveCfg = Debug|Any CPU
		{18150D00-8BD2-4F25-8E2C-F28168A1238F}.Debug|Any CPU.Build.0 = Debug|Any CPU
		{18150D00-8BD2-4F25-8E2C-F28168A1238F}.Release|Any CPU.ActiveCfg = Release|Any CPU
		{18150D00-8BD2-4F25-8E2C-F28168A1238F}.Release|Any CPU.Build.0 = Release|Any CPU
		{869CDEF4-4EFD-4BE9-AC16-827E6033F2D8}.Debug|Any CPU.ActiveCfg = Debug|Any CPU
		{869CDEF4-4EFD-4BE9-AC16-827E6033F2D8}.Debug|Any CPU.Build.0 = Debug|Any CPU
		{869CDEF4-4EFD-4BE9-AC16-827E6033F2D8}.Release|Any CPU.ActiveCfg = Release|Any CPU
		{869CDEF4-4EFD-4BE9-AC16-827E6033F2D8}.Release|Any CPU.Build.0 = Release|Any CPU
		{FEC2CCE3-F73B-4F6A-9B90-6FF25B321024}.Debug|Any CPU.ActiveCfg = Debug|Any CPU
		{FEC2CCE3-F73B-4F6A-9B90-6FF25B321024}.Debug|Any CPU.Build.0 = Debug|Any CPU
		{FEC2CCE3-F73B-4F6A-9B90-6FF25B321024}.Release|Any CPU.ActiveCfg = Release|Any CPU
		{FEC2CCE3-F73B-4F6A-9B90-6FF25B321024}.Release|Any CPU.Build.0 = Release|Any CPU
		{B747FC78-9090-4CDC-B230-6C2F65D6991E}.Debug|Any CPU.ActiveCfg = Debug|Any CPU
		{B747FC78-9090-4CDC-B230-6C2F65D6991E}.Debug|Any CPU.Build.0 = Debug|Any CPU
		{B747FC78-9090-4CDC-B230-6C2F65D6991E}.Release|Any CPU.ActiveCfg = Release|Any CPU
		{B747FC78-9090-4CDC-B230-6C2F65D6991E}.Release|Any CPU.Build.0 = Release|Any CPU
		{DFD88EA6-4DEB-4100-9659-B79414606532}.Debug|Any CPU.ActiveCfg = Debug|Any CPU
		{DFD88EA6-4DEB-4100-9659-B79414606532}.Debug|Any CPU.Build.0 = Debug|Any CPU
		{DFD88EA6-4DEB-4100-9659-B79414606532}.Release|Any CPU.ActiveCfg = Release|Any CPU
		{DFD88EA6-4DEB-4100-9659-B79414606532}.Release|Any CPU.Build.0 = Release|Any CPU
		{2666EFF6-8EB8-4285-9753-E3D7AB86C7CF}.Debug|Any CPU.ActiveCfg = Debug|Any CPU
		{2666EFF6-8EB8-4285-9753-E3D7AB86C7CF}.Debug|Any CPU.Build.0 = Debug|Any CPU
		{2666EFF6-8EB8-4285-9753-E3D7AB86C7CF}.Release|Any CPU.ActiveCfg = Release|Any CPU
		{2666EFF6-8EB8-4285-9753-E3D7AB86C7CF}.Release|Any CPU.Build.0 = Release|Any CPU
		{A3E794F2-8444-4DFE-9115-CF463425A359}.Debug|Any CPU.ActiveCfg = Debug|Any CPU
		{A3E794F2-8444-4DFE-9115-CF463425A359}.Debug|Any CPU.Build.0 = Debug|Any CPU
		{A3E794F2-8444-4DFE-9115-CF463425A359}.Release|Any CPU.ActiveCfg = Release|Any CPU
		{A3E794F2-8444-4DFE-9115-CF463425A359}.Release|Any CPU.Build.0 = Release|Any CPU
		{486B8571-F59E-46C3-8FF7-0272943A3B5C}.Debug|Any CPU.ActiveCfg = Debug|Any CPU
		{486B8571-F59E-46C3-8FF7-0272943A3B5C}.Debug|Any CPU.Build.0 = Debug|Any CPU
		{486B8571-F59E-46C3-8FF7-0272943A3B5C}.Release|Any CPU.ActiveCfg = Release|Any CPU
		{486B8571-F59E-46C3-8FF7-0272943A3B5C}.Release|Any CPU.Build.0 = Release|Any CPU
		{1821E88E-2BED-4874-844B-AD0E7A8D1516}.Debug|Any CPU.ActiveCfg = Debug|Any CPU
		{1821E88E-2BED-4874-844B-AD0E7A8D1516}.Debug|Any CPU.Build.0 = Debug|Any CPU
		{1821E88E-2BED-4874-844B-AD0E7A8D1516}.Release|Any CPU.ActiveCfg = Release|Any CPU
		{1821E88E-2BED-4874-844B-AD0E7A8D1516}.Release|Any CPU.Build.0 = Release|Any CPU
		{EAAF2C0A-C7F4-4D53-96E3-9359C7DAA2E9}.Debug|Any CPU.ActiveCfg = Debug|Any CPU
		{EAAF2C0A-C7F4-4D53-96E3-9359C7DAA2E9}.Debug|Any CPU.Build.0 = Debug|Any CPU
		{EAAF2C0A-C7F4-4D53-96E3-9359C7DAA2E9}.Release|Any CPU.ActiveCfg = Release|Any CPU
		{EAAF2C0A-C7F4-4D53-96E3-9359C7DAA2E9}.Release|Any CPU.Build.0 = Release|Any CPU
		{2C7E4673-2A59-454F-9A28-202118C5C9E2}.Debug|Any CPU.ActiveCfg = Debug|Any CPU
		{2C7E4673-2A59-454F-9A28-202118C5C9E2}.Debug|Any CPU.Build.0 = Debug|Any CPU
		{2C7E4673-2A59-454F-9A28-202118C5C9E2}.Release|Any CPU.ActiveCfg = Release|Any CPU
		{2C7E4673-2A59-454F-9A28-202118C5C9E2}.Release|Any CPU.Build.0 = Release|Any CPU
		{6BC49E25-9F4E-45CE-80FA-07CBC005E533}.Debug|Any CPU.ActiveCfg = Debug|Any CPU
		{6BC49E25-9F4E-45CE-80FA-07CBC005E533}.Debug|Any CPU.Build.0 = Debug|Any CPU
		{6BC49E25-9F4E-45CE-80FA-07CBC005E533}.Release|Any CPU.ActiveCfg = Release|Any CPU
		{6BC49E25-9F4E-45CE-80FA-07CBC005E533}.Release|Any CPU.Build.0 = Release|Any CPU
		{1B9E40CD-8E09-46E6-9616-5C3FD3EE1882}.Debug|Any CPU.ActiveCfg = Debug|Any CPU
		{1B9E40CD-8E09-46E6-9616-5C3FD3EE1882}.Debug|Any CPU.Build.0 = Debug|Any CPU
		{1B9E40CD-8E09-46E6-9616-5C3FD3EE1882}.Release|Any CPU.ActiveCfg = Release|Any CPU
		{1B9E40CD-8E09-46E6-9616-5C3FD3EE1882}.Release|Any CPU.Build.0 = Release|Any CPU
		{43ABA6C6-3350-4CAC-813C-9AE6B4F7BBB4}.Debug|Any CPU.ActiveCfg = Debug|Any CPU
		{43ABA6C6-3350-4CAC-813C-9AE6B4F7BBB4}.Debug|Any CPU.Build.0 = Debug|Any CPU
		{43ABA6C6-3350-4CAC-813C-9AE6B4F7BBB4}.Release|Any CPU.ActiveCfg = Release|Any CPU
		{43ABA6C6-3350-4CAC-813C-9AE6B4F7BBB4}.Release|Any CPU.Build.0 = Release|Any CPU
		{240038BB-9EE8-41FC-9885-2868441E5D2A}.Debug|Any CPU.ActiveCfg = Debug|Any CPU
		{240038BB-9EE8-41FC-9885-2868441E5D2A}.Debug|Any CPU.Build.0 = Debug|Any CPU
		{240038BB-9EE8-41FC-9885-2868441E5D2A}.Release|Any CPU.ActiveCfg = Release|Any CPU
		{240038BB-9EE8-41FC-9885-2868441E5D2A}.Release|Any CPU.Build.0 = Release|Any CPU
		{3E52DD3C-0AD2-4E0C-98BE-8FD69267CB2B}.Debug|Any CPU.ActiveCfg = Debug|Any CPU
		{3E52DD3C-0AD2-4E0C-98BE-8FD69267CB2B}.Debug|Any CPU.Build.0 = Debug|Any CPU
		{3E52DD3C-0AD2-4E0C-98BE-8FD69267CB2B}.Release|Any CPU.ActiveCfg = Release|Any CPU
		{3E52DD3C-0AD2-4E0C-98BE-8FD69267CB2B}.Release|Any CPU.Build.0 = Release|Any CPU
		{4A8A418C-B76B-4C88-8782-13422A10D466}.Debug|Any CPU.ActiveCfg = Debug|Any CPU
		{4A8A418C-B76B-4C88-8782-13422A10D466}.Debug|Any CPU.Build.0 = Debug|Any CPU
		{4A8A418C-B76B-4C88-8782-13422A10D466}.Release|Any CPU.ActiveCfg = Release|Any CPU
		{4A8A418C-B76B-4C88-8782-13422A10D466}.Release|Any CPU.Build.0 = Release|Any CPU
		{E24D556E-DB58-4437-9EA4-7056EE6D6C64}.Debug|Any CPU.ActiveCfg = Debug|Any CPU
		{E24D556E-DB58-4437-9EA4-7056EE6D6C64}.Debug|Any CPU.Build.0 = Debug|Any CPU
		{E24D556E-DB58-4437-9EA4-7056EE6D6C64}.Release|Any CPU.ActiveCfg = Release|Any CPU
		{E24D556E-DB58-4437-9EA4-7056EE6D6C64}.Release|Any CPU.Build.0 = Release|Any CPU
		{57028DFB-B137-4F04-8259-12CD9D66D39F}.Debug|Any CPU.ActiveCfg = Debug|Any CPU
		{57028DFB-B137-4F04-8259-12CD9D66D39F}.Debug|Any CPU.Build.0 = Debug|Any CPU
		{57028DFB-B137-4F04-8259-12CD9D66D39F}.Release|Any CPU.ActiveCfg = Release|Any CPU
		{57028DFB-B137-4F04-8259-12CD9D66D39F}.Release|Any CPU.Build.0 = Release|Any CPU
		{6000C67E-B801-4EB1-AA18-D89E9539AB3B}.Debug|Any CPU.ActiveCfg = Debug|Any CPU
		{6000C67E-B801-4EB1-AA18-D89E9539AB3B}.Debug|Any CPU.Build.0 = Debug|Any CPU
		{6000C67E-B801-4EB1-AA18-D89E9539AB3B}.Release|Any CPU.ActiveCfg = Release|Any CPU
		{6000C67E-B801-4EB1-AA18-D89E9539AB3B}.Release|Any CPU.Build.0 = Release|Any CPU
		{0B440978-07A6-4FDC-B15F-B6EB34FFAC3A}.Debug|Any CPU.ActiveCfg = Debug|Any CPU
		{0B440978-07A6-4FDC-B15F-B6EB34FFAC3A}.Debug|Any CPU.Build.0 = Debug|Any CPU
		{0B440978-07A6-4FDC-B15F-B6EB34FFAC3A}.Release|Any CPU.ActiveCfg = Release|Any CPU
		{0B440978-07A6-4FDC-B15F-B6EB34FFAC3A}.Release|Any CPU.Build.0 = Release|Any CPU
		{EDA472DA-BD31-47D1-882A-0F685D1EC024}.Debug|Any CPU.ActiveCfg = Debug|Any CPU
		{EDA472DA-BD31-47D1-882A-0F685D1EC024}.Debug|Any CPU.Build.0 = Debug|Any CPU
		{EDA472DA-BD31-47D1-882A-0F685D1EC024}.Release|Any CPU.ActiveCfg = Release|Any CPU
		{EDA472DA-BD31-47D1-882A-0F685D1EC024}.Release|Any CPU.Build.0 = Release|Any CPU
		{9DCF3FF5-FD5D-48E0-8291-09B5A6322394}.Debug|Any CPU.ActiveCfg = Debug|Any CPU
		{9DCF3FF5-FD5D-48E0-8291-09B5A6322394}.Debug|Any CPU.Build.0 = Debug|Any CPU
		{9DCF3FF5-FD5D-48E0-8291-09B5A6322394}.Release|Any CPU.ActiveCfg = Release|Any CPU
		{9DCF3FF5-FD5D-48E0-8291-09B5A6322394}.Release|Any CPU.Build.0 = Release|Any CPU
		{6BD663B1-B349-448C-A485-6308284DF6B9}.Debug|Any CPU.ActiveCfg = Debug|Any CPU
		{6BD663B1-B349-448C-A485-6308284DF6B9}.Debug|Any CPU.Build.0 = Debug|Any CPU
		{6BD663B1-B349-448C-A485-6308284DF6B9}.Release|Any CPU.ActiveCfg = Release|Any CPU
		{6BD663B1-B349-448C-A485-6308284DF6B9}.Release|Any CPU.Build.0 = Release|Any CPU
		{8D9545B6-0025-4D9A-B795-EB53B9CEFCB7}.Debug|Any CPU.ActiveCfg = Debug|Any CPU
		{8D9545B6-0025-4D9A-B795-EB53B9CEFCB7}.Debug|Any CPU.Build.0 = Debug|Any CPU
		{8D9545B6-0025-4D9A-B795-EB53B9CEFCB7}.Release|Any CPU.ActiveCfg = Release|Any CPU
		{8D9545B6-0025-4D9A-B795-EB53B9CEFCB7}.Release|Any CPU.Build.0 = Release|Any CPU
		{DF23F1AB-5620-493D-B3C6-B8EB97AF9BDF}.Debug|Any CPU.ActiveCfg = Debug|Any CPU
		{DF23F1AB-5620-493D-B3C6-B8EB97AF9BDF}.Debug|Any CPU.Build.0 = Debug|Any CPU
		{DF23F1AB-5620-493D-B3C6-B8EB97AF9BDF}.Release|Any CPU.ActiveCfg = Release|Any CPU
		{DF23F1AB-5620-493D-B3C6-B8EB97AF9BDF}.Release|Any CPU.Build.0 = Release|Any CPU
		{2462DBC6-23C7-4880-AE80-97F18094F449}.Debug|Any CPU.ActiveCfg = Debug|Any CPU
		{2462DBC6-23C7-4880-AE80-97F18094F449}.Debug|Any CPU.Build.0 = Debug|Any CPU
		{2462DBC6-23C7-4880-AE80-97F18094F449}.Release|Any CPU.ActiveCfg = Release|Any CPU
		{2462DBC6-23C7-4880-AE80-97F18094F449}.Release|Any CPU.Build.0 = Release|Any CPU
		{B7532628-1BEA-4381-9116-48D14A355743}.Debug|Any CPU.ActiveCfg = Debug|Any CPU
		{B7532628-1BEA-4381-9116-48D14A355743}.Debug|Any CPU.Build.0 = Debug|Any CPU
		{B7532628-1BEA-4381-9116-48D14A355743}.Release|Any CPU.ActiveCfg = Release|Any CPU
		{B7532628-1BEA-4381-9116-48D14A355743}.Release|Any CPU.Build.0 = Release|Any CPU
		{8558C0D9-C505-497D-8CC2-BAC6E08D42BC}.Debug|Any CPU.ActiveCfg = Debug|Any CPU
		{8558C0D9-C505-497D-8CC2-BAC6E08D42BC}.Debug|Any CPU.Build.0 = Debug|Any CPU
		{8558C0D9-C505-497D-8CC2-BAC6E08D42BC}.Release|Any CPU.ActiveCfg = Release|Any CPU
		{8558C0D9-C505-497D-8CC2-BAC6E08D42BC}.Release|Any CPU.Build.0 = Release|Any CPU
		{8CA43187-9B80-4E5B-9C9E-2A8E4E96E5E7}.Debug|Any CPU.ActiveCfg = Debug|Any CPU
		{8CA43187-9B80-4E5B-9C9E-2A8E4E96E5E7}.Debug|Any CPU.Build.0 = Debug|Any CPU
		{8CA43187-9B80-4E5B-9C9E-2A8E4E96E5E7}.Release|Any CPU.ActiveCfg = Release|Any CPU
		{8CA43187-9B80-4E5B-9C9E-2A8E4E96E5E7}.Release|Any CPU.Build.0 = Release|Any CPU
		{DEDB9CE6-504F-4778-B940-842D24077DBA}.Debug|Any CPU.ActiveCfg = Debug|Any CPU
		{DEDB9CE6-504F-4778-B940-842D24077DBA}.Debug|Any CPU.Build.0 = Debug|Any CPU
		{DEDB9CE6-504F-4778-B940-842D24077DBA}.Release|Any CPU.ActiveCfg = Release|Any CPU
		{DEDB9CE6-504F-4778-B940-842D24077DBA}.Release|Any CPU.Build.0 = Release|Any CPU
		{BE053D0C-082B-4B4D-80FD-35D35B55E0A3}.Debug|Any CPU.ActiveCfg = Debug|Any CPU
		{BE053D0C-082B-4B4D-80FD-35D35B55E0A3}.Debug|Any CPU.Build.0 = Debug|Any CPU
		{BE053D0C-082B-4B4D-80FD-35D35B55E0A3}.Release|Any CPU.ActiveCfg = Release|Any CPU
		{BE053D0C-082B-4B4D-80FD-35D35B55E0A3}.Release|Any CPU.Build.0 = Release|Any CPU
		{95DA01AE-E973-4360-9227-BD003A85B9CE}.Debug|Any CPU.ActiveCfg = Debug|Any CPU
		{95DA01AE-E973-4360-9227-BD003A85B9CE}.Debug|Any CPU.Build.0 = Debug|Any CPU
		{95DA01AE-E973-4360-9227-BD003A85B9CE}.Release|Any CPU.ActiveCfg = Release|Any CPU
		{95DA01AE-E973-4360-9227-BD003A85B9CE}.Release|Any CPU.Build.0 = Release|Any CPU
		{AD8CF56B-B91D-406A-A7B3-B585AD80A5F0}.Debug|Any CPU.ActiveCfg = Debug|Any CPU
		{AD8CF56B-B91D-406A-A7B3-B585AD80A5F0}.Debug|Any CPU.Build.0 = Debug|Any CPU
		{AD8CF56B-B91D-406A-A7B3-B585AD80A5F0}.Release|Any CPU.ActiveCfg = Release|Any CPU
		{AD8CF56B-B91D-406A-A7B3-B585AD80A5F0}.Release|Any CPU.Build.0 = Release|Any CPU
		{C98FB808-092F-426B-AB5B-E747AB18E208}.Debug|Any CPU.ActiveCfg = Debug|Any CPU
		{C98FB808-092F-426B-AB5B-E747AB18E208}.Debug|Any CPU.Build.0 = Debug|Any CPU
		{C98FB808-092F-426B-AB5B-E747AB18E208}.Release|Any CPU.ActiveCfg = Release|Any CPU
		{C98FB808-092F-426B-AB5B-E747AB18E208}.Release|Any CPU.Build.0 = Release|Any CPU
		{EF3585EA-5FF2-484E-9A70-5FE7D53B2B37}.Debug|Any CPU.ActiveCfg = Debug|Any CPU
		{EF3585EA-5FF2-484E-9A70-5FE7D53B2B37}.Debug|Any CPU.Build.0 = Debug|Any CPU
		{EF3585EA-5FF2-484E-9A70-5FE7D53B2B37}.Release|Any CPU.ActiveCfg = Release|Any CPU
		{EF3585EA-5FF2-484E-9A70-5FE7D53B2B37}.Release|Any CPU.Build.0 = Release|Any CPU
		{B6E16DEC-FFDF-45B0-A46D-80606BF6D1C9}.Debug|Any CPU.ActiveCfg = Debug|Any CPU
		{B6E16DEC-FFDF-45B0-A46D-80606BF6D1C9}.Debug|Any CPU.Build.0 = Debug|Any CPU
		{B6E16DEC-FFDF-45B0-A46D-80606BF6D1C9}.Release|Any CPU.ActiveCfg = Release|Any CPU
		{B6E16DEC-FFDF-45B0-A46D-80606BF6D1C9}.Release|Any CPU.Build.0 = Release|Any CPU
		{57A9F24E-153C-4DBC-BB40-AD2F5A7ED994}.Debug|Any CPU.ActiveCfg = Debug|Any CPU
		{57A9F24E-153C-4DBC-BB40-AD2F5A7ED994}.Debug|Any CPU.Build.0 = Debug|Any CPU
		{57A9F24E-153C-4DBC-BB40-AD2F5A7ED994}.Release|Any CPU.ActiveCfg = Release|Any CPU
		{57A9F24E-153C-4DBC-BB40-AD2F5A7ED994}.Release|Any CPU.Build.0 = Release|Any CPU
		{2FFD097E-C977-45B0-9CD8-97CE4455C3A0}.Debug|Any CPU.ActiveCfg = Debug|Any CPU
		{2FFD097E-C977-45B0-9CD8-97CE4455C3A0}.Debug|Any CPU.Build.0 = Debug|Any CPU
		{2FFD097E-C977-45B0-9CD8-97CE4455C3A0}.Release|Any CPU.ActiveCfg = Release|Any CPU
		{2FFD097E-C977-45B0-9CD8-97CE4455C3A0}.Release|Any CPU.Build.0 = Release|Any CPU
		{D6A48CCA-D068-4688-A0C4-8EA87FDDADD2}.Debug|Any CPU.ActiveCfg = Debug|Any CPU
		{D6A48CCA-D068-4688-A0C4-8EA87FDDADD2}.Debug|Any CPU.Build.0 = Debug|Any CPU
		{D6A48CCA-D068-4688-A0C4-8EA87FDDADD2}.Release|Any CPU.ActiveCfg = Release|Any CPU
		{D6A48CCA-D068-4688-A0C4-8EA87FDDADD2}.Release|Any CPU.Build.0 = Release|Any CPU
		{E870BDF8-E9AB-49C4-898A-6A08D24B51D8}.Debug|Any CPU.ActiveCfg = Debug|Any CPU
		{E870BDF8-E9AB-49C4-898A-6A08D24B51D8}.Debug|Any CPU.Build.0 = Debug|Any CPU
		{E870BDF8-E9AB-49C4-898A-6A08D24B51D8}.Release|Any CPU.ActiveCfg = Release|Any CPU
		{E870BDF8-E9AB-49C4-898A-6A08D24B51D8}.Release|Any CPU.Build.0 = Release|Any CPU
		{5B4B9230-DE91-4E4C-8F1B-5F0FEFCB0EFA}.Debug|Any CPU.ActiveCfg = Debug|Any CPU
		{5B4B9230-DE91-4E4C-8F1B-5F0FEFCB0EFA}.Debug|Any CPU.Build.0 = Debug|Any CPU
		{5B4B9230-DE91-4E4C-8F1B-5F0FEFCB0EFA}.Release|Any CPU.ActiveCfg = Release|Any CPU
		{5B4B9230-DE91-4E4C-8F1B-5F0FEFCB0EFA}.Release|Any CPU.Build.0 = Release|Any CPU
		{BD05C42B-8661-43A1-BA2D-E5C6114E3B23}.Debug|Any CPU.ActiveCfg = Debug|Any CPU
		{BD05C42B-8661-43A1-BA2D-E5C6114E3B23}.Debug|Any CPU.Build.0 = Debug|Any CPU
		{BD05C42B-8661-43A1-BA2D-E5C6114E3B23}.Release|Any CPU.ActiveCfg = Release|Any CPU
		{BD05C42B-8661-43A1-BA2D-E5C6114E3B23}.Release|Any CPU.Build.0 = Release|Any CPU
		{FDBF011C-4132-4731-86A1-7B3116AD19BC}.Debug|Any CPU.ActiveCfg = Debug|Any CPU
		{FDBF011C-4132-4731-86A1-7B3116AD19BC}.Debug|Any CPU.Build.0 = Debug|Any CPU
		{FDBF011C-4132-4731-86A1-7B3116AD19BC}.Release|Any CPU.ActiveCfg = Release|Any CPU
		{FDBF011C-4132-4731-86A1-7B3116AD19BC}.Release|Any CPU.Build.0 = Release|Any CPU
		{5F6D751C-9FB8-4BE7-9899-2EB4F1A1696F}.Debug|Any CPU.ActiveCfg = Debug|Any CPU
		{5F6D751C-9FB8-4BE7-9899-2EB4F1A1696F}.Debug|Any CPU.Build.0 = Debug|Any CPU
		{5F6D751C-9FB8-4BE7-9899-2EB4F1A1696F}.Release|Any CPU.ActiveCfg = Release|Any CPU
		{5F6D751C-9FB8-4BE7-9899-2EB4F1A1696F}.Release|Any CPU.Build.0 = Release|Any CPU
		{678E2D5A-1DBD-473D-8360-67242D4DFCC5}.Debug|Any CPU.ActiveCfg = Debug|Any CPU
		{678E2D5A-1DBD-473D-8360-67242D4DFCC5}.Debug|Any CPU.Build.0 = Debug|Any CPU
		{678E2D5A-1DBD-473D-8360-67242D4DFCC5}.Release|Any CPU.ActiveCfg = Release|Any CPU
		{678E2D5A-1DBD-473D-8360-67242D4DFCC5}.Release|Any CPU.Build.0 = Release|Any CPU
		{C4E3C408-DDBE-4702-B918-E2702DF3C674}.Debug|Any CPU.ActiveCfg = Debug|Any CPU
		{C4E3C408-DDBE-4702-B918-E2702DF3C674}.Debug|Any CPU.Build.0 = Debug|Any CPU
		{C4E3C408-DDBE-4702-B918-E2702DF3C674}.Release|Any CPU.ActiveCfg = Release|Any CPU
		{C4E3C408-DDBE-4702-B918-E2702DF3C674}.Release|Any CPU.Build.0 = Release|Any CPU
		{D18AB21B-27D1-4072-8C83-BFFFB78EAA13}.Debug|Any CPU.ActiveCfg = Debug|Any CPU
		{D18AB21B-27D1-4072-8C83-BFFFB78EAA13}.Debug|Any CPU.Build.0 = Debug|Any CPU
		{D18AB21B-27D1-4072-8C83-BFFFB78EAA13}.Release|Any CPU.ActiveCfg = Release|Any CPU
		{D18AB21B-27D1-4072-8C83-BFFFB78EAA13}.Release|Any CPU.Build.0 = Release|Any CPU
		{E92A07A9-AC67-42AD-8FD6-CCB6DF892B72}.Debug|Any CPU.ActiveCfg = Debug|Any CPU
		{E92A07A9-AC67-42AD-8FD6-CCB6DF892B72}.Debug|Any CPU.Build.0 = Debug|Any CPU
		{E92A07A9-AC67-42AD-8FD6-CCB6DF892B72}.Release|Any CPU.ActiveCfg = Release|Any CPU
		{E92A07A9-AC67-42AD-8FD6-CCB6DF892B72}.Release|Any CPU.Build.0 = Release|Any CPU
		{FC8BD33B-3E5D-41F0-A38A-1C6F0EE501BA}.Debug|Any CPU.ActiveCfg = Debug|Any CPU
		{FC8BD33B-3E5D-41F0-A38A-1C6F0EE501BA}.Debug|Any CPU.Build.0 = Debug|Any CPU
		{FC8BD33B-3E5D-41F0-A38A-1C6F0EE501BA}.Release|Any CPU.ActiveCfg = Release|Any CPU
		{FC8BD33B-3E5D-41F0-A38A-1C6F0EE501BA}.Release|Any CPU.Build.0 = Release|Any CPU
		{41DA3B57-6FE8-463F-BD8C-38FDD17F707F}.Debug|Any CPU.ActiveCfg = Debug|Any CPU
		{41DA3B57-6FE8-463F-BD8C-38FDD17F707F}.Debug|Any CPU.Build.0 = Debug|Any CPU
		{41DA3B57-6FE8-463F-BD8C-38FDD17F707F}.Release|Any CPU.ActiveCfg = Release|Any CPU
		{41DA3B57-6FE8-463F-BD8C-38FDD17F707F}.Release|Any CPU.Build.0 = Release|Any CPU
	EndGlobalSection
	GlobalSection(NestedProjects) = preSolution
		{D237D563-61B7-4224-B001-F91A396AE109} = {490B3F15-1FF2-411C-8989-1BE7BB1D3D99}
		{FC5C436A-020A-4656-AB4E-E2D8F13309C2} = {D12EA06C-385F-4FAD-B2C4-5976178E0AC9}
		{BB20A298-DBC7-4ACB-B6BD-57E3F048B269} = {D12EA06C-385F-4FAD-B2C4-5976178E0AC9}
		{80D0007E-B14D-4815-B93F-5CDC961C57C8} = {D12EA06C-385F-4FAD-B2C4-5976178E0AC9}
		{35EC190C-85C0-445F-9F07-A62EACF94F8B} = {D12EA06C-385F-4FAD-B2C4-5976178E0AC9}
		{463010B1-392E-4204-B69E-9E24F28A96F3} = {D12EA06C-385F-4FAD-B2C4-5976178E0AC9}
		{10ED3136-285F-4FC4-951D-FD0DD69F8DD0} = {D12EA06C-385F-4FAD-B2C4-5976178E0AC9}
		{DCAF4404-A01E-4887-BCF0-37DE1DFE1014} = {D12EA06C-385F-4FAD-B2C4-5976178E0AC9}
		{FE8685D3-99C5-4F1F-9AD5-125AF4C0CABA} = {D12EA06C-385F-4FAD-B2C4-5976178E0AC9}
		{96D956A9-E460-4464-A1F4-ABACE4155BCC} = {D12EA06C-385F-4FAD-B2C4-5976178E0AC9}
		{95B94BFB-EBDB-449B-8906-D9F5E37C06A5} = {D12EA06C-385F-4FAD-B2C4-5976178E0AC9}
		{4183A9BA-9FCE-448C-90B7-92715742B0E4} = {D12EA06C-385F-4FAD-B2C4-5976178E0AC9}
		{FED253C0-B0B3-4157-9812-0AE02280C651} = {D12EA06C-385F-4FAD-B2C4-5976178E0AC9}
		{AB4C1C80-78B8-4949-8686-0CF5C7922E14} = {D12EA06C-385F-4FAD-B2C4-5976178E0AC9}
		{1BB85894-1756-4B52-871B-1C8DACCA0D76} = {D12EA06C-385F-4FAD-B2C4-5976178E0AC9}
		{5BE72F77-C53A-4275-9009-0EB7D92F0947} = {D12EA06C-385F-4FAD-B2C4-5976178E0AC9}
		{1BFAB4AC-1009-4F99-BADE-4DFEB86379D2} = {D12EA06C-385F-4FAD-B2C4-5976178E0AC9}
		{D6D132B8-60F2-4574-B84B-3412EC7D4DA5} = {D12EA06C-385F-4FAD-B2C4-5976178E0AC9}
		{F5770F1D-E4B9-4770-8BE2-558D4C3A3DD5} = {D6D132B8-60F2-4574-B84B-3412EC7D4DA5}
		{BABDF123-5BAB-4442-8B5E-0E6F7A98A26E} = {D6D132B8-60F2-4574-B84B-3412EC7D4DA5}
		{2B671BFC-9C17-453E-8A18-13F34C97678E} = {D6D132B8-60F2-4574-B84B-3412EC7D4DA5}
		{24A40B94-5E37-4CE3-AE11-9168C4E9A0D5} = {D6D132B8-60F2-4574-B84B-3412EC7D4DA5}
		{D8747183-F98C-4951-A6C9-A0352DA24469} = {D6D132B8-60F2-4574-B84B-3412EC7D4DA5}
		{D538F360-EDB4-4351-A33C-8BB3B3F6EBA3} = {D6D132B8-60F2-4574-B84B-3412EC7D4DA5}
		{3DA12654-87B3-4FB0-99B1-2DECC3901E79} = {D6D132B8-60F2-4574-B84B-3412EC7D4DA5}
		{AFFB97E1-5EC1-415E-A53C-8CEA3306EFFF} = {D6D132B8-60F2-4574-B84B-3412EC7D4DA5}
		{BC36CCB2-C881-437B-B696-8A7806C195B0} = {7B05B87D-6905-4EA7-A9ED-C7D08F47BC52}
		{B98CE47A-8763-44B5-905F-52E41B8A4241} = {7B05B87D-6905-4EA7-A9ED-C7D08F47BC52}
		{1D03F070-2ED3-4079-88D1-7E08FD37B79D} = {7B05B87D-6905-4EA7-A9ED-C7D08F47BC52}
		{CDC30649-9130-48DF-83A8-C452874015EC} = {7B05B87D-6905-4EA7-A9ED-C7D08F47BC52}
		{9EF61133-7DEF-46AE-B6B8-C75DF5F35FA2} = {7B05B87D-6905-4EA7-A9ED-C7D08F47BC52}
		{F5CC223A-149E-48E1-B5FD-2E47467B203A} = {7B05B87D-6905-4EA7-A9ED-C7D08F47BC52}
		{58D3E329-DD8B-4D5D-B172-97A90DFBE92B} = {7B05B87D-6905-4EA7-A9ED-C7D08F47BC52}
		{4F67431D-DC30-4148-9AEE-E0B989579348} = {7B05B87D-6905-4EA7-A9ED-C7D08F47BC52}
		{EEEB6198-3E9E-4062-AABD-4C0CE5E5AD41} = {7B05B87D-6905-4EA7-A9ED-C7D08F47BC52}
		{A0772AD9-5E88-4630-81E5-8274E5A62B86} = {7B05B87D-6905-4EA7-A9ED-C7D08F47BC52}
		{A3FC614D-E050-442E-8A53-F9965EF9417D} = {7B05B87D-6905-4EA7-A9ED-C7D08F47BC52}
		{7CFB6661-62C3-4782-BB7F-67ECA8F57E85} = {7B05B87D-6905-4EA7-A9ED-C7D08F47BC52}
		{931929DC-7386-4409-AF5E-C3E168C161C3} = {F3D42AFE-07F8-4C32-BD03-B3A31C062B92}
		{A5054C5D-DF50-4B85-965A-729E9C874A32} = {F3D42AFE-07F8-4C32-BD03-B3A31C062B92}
		{17C91109-E30E-43DF-90BF-7EED24C7FF9F} = {F3D42AFE-07F8-4C32-BD03-B3A31C062B92}
		{970C3E28-0FB3-4B76-8EA1-592A7DCC31AE} = {F3D42AFE-07F8-4C32-BD03-B3A31C062B92}
		{86A8E57F-805F-4210-81EC-460C8411FA05} = {F3D42AFE-07F8-4C32-BD03-B3A31C062B92}
		{63EC5C38-782E-4371-8114-4AA4691F3DC8} = {F3D42AFE-07F8-4C32-BD03-B3A31C062B92}
		{11C7DFAD-45B9-4A30-9A38-866A27C9E494} = {F3D42AFE-07F8-4C32-BD03-B3A31C062B92}
		{64E6C589-BCC3-4067-8B2E-E0EC0E63668F} = {F3D42AFE-07F8-4C32-BD03-B3A31C062B92}
		{F2C63F3B-6A48-4F47-8ECA-2AFFC59CABCB} = {F3D42AFE-07F8-4C32-BD03-B3A31C062B92}
		{2B397893-1C80-4FBD-A792-C16EA0D86E02} = {F3D42AFE-07F8-4C32-BD03-B3A31C062B92}
		{987C94C8-0274-4476-9628-E4DD7815C1CC} = {F3D42AFE-07F8-4C32-BD03-B3A31C062B92}
		{A0D0AC6A-F09A-43DD-837B-5FF506E5D301} = {F3D42AFE-07F8-4C32-BD03-B3A31C062B92}
		{C618B747-E163-48BE-A44B-BA715764BBE4} = {F3D42AFE-07F8-4C32-BD03-B3A31C062B92}
		{36238D5C-3E90-47BD-AE56-DAB9C8DBC96D} = {90F6A2A1-7166-4A55-899C-17090E7508A5}
		{0E2931F6-CF5A-430F-B8F4-E4A8695CFC6D} = {90F6A2A1-7166-4A55-899C-17090E7508A5}
		{025F8474-8593-4148-B99B-5C3626EC98D2} = {90F6A2A1-7166-4A55-899C-17090E7508A5}
		{D728EA8E-808F-41E5-9961-8D0F6A3F3A28} = {90F6A2A1-7166-4A55-899C-17090E7508A5}
		{ABA26BDB-4E81-461F-946A-37A6A47F1842} = {90F6A2A1-7166-4A55-899C-17090E7508A5}
		{888A10DD-B0AA-4749-8682-42F4C5F5E3BE} = {90F6A2A1-7166-4A55-899C-17090E7508A5}
		{3752737B-5907-4639-9281-387CFE7A1BD4} = {90F6A2A1-7166-4A55-899C-17090E7508A5}
		{A5EC85B2-4C0F-4BF7-B7EA-E23925BC64B1} = {90F6A2A1-7166-4A55-899C-17090E7508A5}
		{81CF8A68-87AF-48DB-B6DA-F1D1D0C0AEB5} = {90F6A2A1-7166-4A55-899C-17090E7508A5}
		{B06931D0-BCB1-45C5-92A7-A153A7AB91B2} = {90F6A2A1-7166-4A55-899C-17090E7508A5}
		{E947FFB4-1888-4FD8-8590-7E932D896E3E} = {90F6A2A1-7166-4A55-899C-17090E7508A5}
		{6CB89A91-18B5-423F-8933-538524747191} = {90F6A2A1-7166-4A55-899C-17090E7508A5}
		{36DE0AC5-F6BA-4DDC-9FCA-F96D85C8F02A} = {90F6A2A1-7166-4A55-899C-17090E7508A5}
		{C3FF1F17-7735-49A4-8E4E-4D34A2282507} = {90F6A2A1-7166-4A55-899C-17090E7508A5}
		{02ACCDEF-2EBA-494D-9952-45C3C9DEC195} = {CAE6B7F7-62B6-4D83-9AC1-BD7458CD8A32}
		{88B8D785-2C63-474D-A099-2A617A05180A} = {CAE6B7F7-62B6-4D83-9AC1-BD7458CD8A32}
		{1EEA0032-44C2-4094-AC1D-A8A6C0CFD403} = {CAE6B7F7-62B6-4D83-9AC1-BD7458CD8A32}
		{8353DFCB-4397-49DE-8A7A-0B42DC5EE1FE} = {CAE6B7F7-62B6-4D83-9AC1-BD7458CD8A32}
		{F330E35D-C796-4E3A-8568-0C2F9E521791} = {CAE6B7F7-62B6-4D83-9AC1-BD7458CD8A32}
		{194A668B-901B-4294-AB8E-0040A584FAFB} = {CAE6B7F7-62B6-4D83-9AC1-BD7458CD8A32}
		{3C7D65B0-5C1E-43BA-8927-D63E21CB6A17} = {CAE6B7F7-62B6-4D83-9AC1-BD7458CD8A32}
		{784E82EC-361A-419F-9A9F-5A3EF9B77C0B} = {CAE6B7F7-62B6-4D83-9AC1-BD7458CD8A32}
		{D27FDFC9-ECC6-48FC-B525-21B8C3A1937C} = {CAE6B7F7-62B6-4D83-9AC1-BD7458CD8A32}
		{F90D088C-1A51-4B29-80C9-0CB4BB8DF9B0} = {CAE6B7F7-62B6-4D83-9AC1-BD7458CD8A32}
		{FDC3C74E-C0B7-4516-B01B-B30E51791BF5} = {CAE6B7F7-62B6-4D83-9AC1-BD7458CD8A32}
		{FBAC4D22-F76B-4076-A3E3-90F08F075E56} = {CAE6B7F7-62B6-4D83-9AC1-BD7458CD8A32}
		{13E996B5-2252-4E8C-9CFF-0F9F61BDA147} = {CAE6B7F7-62B6-4D83-9AC1-BD7458CD8A32}
		{E0350960-7479-4E13-A9B8-A67BE834F779} = {CAE6B7F7-62B6-4D83-9AC1-BD7458CD8A32}
		{647EFB25-0A38-440F-B16D-0729C29D444D} = {CAE6B7F7-62B6-4D83-9AC1-BD7458CD8A32}
		{E3130D88-1FE8-4A96-89A9-9BAA191E449A} = {CAE6B7F7-62B6-4D83-9AC1-BD7458CD8A32}
		{328282EE-37D2-45D6-A325-813198BB1A49} = {CAE6B7F7-62B6-4D83-9AC1-BD7458CD8A32}
		{12AF0DF7-7249-4E53-9FEF-9038C2CE4B24} = {F1A0D785-5EA5-48ED-8E85-06D91ADD2BCF}
		{570EE06B-502C-42F4-94A6-F48659635656} = {F1A0D785-5EA5-48ED-8E85-06D91ADD2BCF}
		{674933DF-B945-4E71-B0E1-8325731CD1FD} = {F1A0D785-5EA5-48ED-8E85-06D91ADD2BCF}
		{9CC5B156-838B-4CF6-B16A-CE76ADF96E08} = {F1A0D785-5EA5-48ED-8E85-06D91ADD2BCF}
		{E6E08BD7-E28D-4F3D-B146-F090E15AF768} = {17412143-89A2-45A8-962C-B4B1E9AB7DC8}
		{0776D263-09B8-4D89-81F2-A2F1E067ED7A} = {17412143-89A2-45A8-962C-B4B1E9AB7DC8}
		{13D52179-D7C6-4F68-A1D0-54BD607F7B29} = {17412143-89A2-45A8-962C-B4B1E9AB7DC8}
		{F4FF4750-FBE4-45C6-9941-84624E66C826} = {17412143-89A2-45A8-962C-B4B1E9AB7DC8}
		{AC1D3103-77E7-45BF-8002-9CD78CA43144} = {17412143-89A2-45A8-962C-B4B1E9AB7DC8}
		{04951CD3-6A46-4ABF-AD09-5A2675E6A3D8} = {17412143-89A2-45A8-962C-B4B1E9AB7DC8}
		{70643355-D6AC-451D-849F-4AD26D3D3332} = {17412143-89A2-45A8-962C-B4B1E9AB7DC8}
		{18150D00-8BD2-4F25-8E2C-F28168A1238F} = {17412143-89A2-45A8-962C-B4B1E9AB7DC8}
		{869CDEF4-4EFD-4BE9-AC16-827E6033F2D8} = {6F3A68F2-02D9-42AA-8C1F-45E684862847}
		{FEC2CCE3-F73B-4F6A-9B90-6FF25B321024} = {6F3A68F2-02D9-42AA-8C1F-45E684862847}
		{B747FC78-9090-4CDC-B230-6C2F65D6991E} = {6F3A68F2-02D9-42AA-8C1F-45E684862847}
		{DFD88EA6-4DEB-4100-9659-B79414606532} = {6F3A68F2-02D9-42AA-8C1F-45E684862847}
		{2666EFF6-8EB8-4285-9753-E3D7AB86C7CF} = {6F3A68F2-02D9-42AA-8C1F-45E684862847}
		{A3E794F2-8444-4DFE-9115-CF463425A359} = {6F3A68F2-02D9-42AA-8C1F-45E684862847}
		{486B8571-F59E-46C3-8FF7-0272943A3B5C} = {6F3A68F2-02D9-42AA-8C1F-45E684862847}
		{1821E88E-2BED-4874-844B-AD0E7A8D1516} = {6F3A68F2-02D9-42AA-8C1F-45E684862847}
		{EAAF2C0A-C7F4-4D53-96E3-9359C7DAA2E9} = {6F3A68F2-02D9-42AA-8C1F-45E684862847}
		{2C7E4673-2A59-454F-9A28-202118C5C9E2} = {6F3A68F2-02D9-42AA-8C1F-45E684862847}
		{6BC49E25-9F4E-45CE-80FA-07CBC005E533} = {6F3A68F2-02D9-42AA-8C1F-45E684862847}
		{1B9E40CD-8E09-46E6-9616-5C3FD3EE1882} = {6F3A68F2-02D9-42AA-8C1F-45E684862847}
		{43ABA6C6-3350-4CAC-813C-9AE6B4F7BBB4} = {6F3A68F2-02D9-42AA-8C1F-45E684862847}
		{240038BB-9EE8-41FC-9885-2868441E5D2A} = {6F3A68F2-02D9-42AA-8C1F-45E684862847}
		{3E52DD3C-0AD2-4E0C-98BE-8FD69267CB2B} = {6F3A68F2-02D9-42AA-8C1F-45E684862847}
		{4A8A418C-B76B-4C88-8782-13422A10D466} = {6F3A68F2-02D9-42AA-8C1F-45E684862847}
		{E24D556E-DB58-4437-9EA4-7056EE6D6C64} = {6F3A68F2-02D9-42AA-8C1F-45E684862847}
		{57028DFB-B137-4F04-8259-12CD9D66D39F} = {F1668AF8-A834-418B-867B-D03E91BA67D9}
		{6000C67E-B801-4EB1-AA18-D89E9539AB3B} = {F1668AF8-A834-418B-867B-D03E91BA67D9}
		{0B440978-07A6-4FDC-B15F-B6EB34FFAC3A} = {F1668AF8-A834-418B-867B-D03E91BA67D9}
		{EDA472DA-BD31-47D1-882A-0F685D1EC024} = {F1668AF8-A834-418B-867B-D03E91BA67D9}
		{9DCF3FF5-FD5D-48E0-8291-09B5A6322394} = {F1668AF8-A834-418B-867B-D03E91BA67D9}
		{6BD663B1-B349-448C-A485-6308284DF6B9} = {F1668AF8-A834-418B-867B-D03E91BA67D9}
		{8D9545B6-0025-4D9A-B795-EB53B9CEFCB7} = {F1668AF8-A834-418B-867B-D03E91BA67D9}
		{DF23F1AB-5620-493D-B3C6-B8EB97AF9BDF} = {F1668AF8-A834-418B-867B-D03E91BA67D9}
		{2462DBC6-23C7-4880-AE80-97F18094F449} = {83DBE466-C48C-48DE-BAD5-C7C7C6B7AA3D}
		{B7532628-1BEA-4381-9116-48D14A355743} = {83DBE466-C48C-48DE-BAD5-C7C7C6B7AA3D}
		{8558C0D9-C505-497D-8CC2-BAC6E08D42BC} = {83DBE466-C48C-48DE-BAD5-C7C7C6B7AA3D}
		{8CA43187-9B80-4E5B-9C9E-2A8E4E96E5E7} = {83DBE466-C48C-48DE-BAD5-C7C7C6B7AA3D}
		{DEDB9CE6-504F-4778-B940-842D24077DBA} = {83DBE466-C48C-48DE-BAD5-C7C7C6B7AA3D}
		{BE053D0C-082B-4B4D-80FD-35D35B55E0A3} = {83DBE466-C48C-48DE-BAD5-C7C7C6B7AA3D}
		{95DA01AE-E973-4360-9227-BD003A85B9CE} = {83DBE466-C48C-48DE-BAD5-C7C7C6B7AA3D}
		{AD8CF56B-B91D-406A-A7B3-B585AD80A5F0} = {83DBE466-C48C-48DE-BAD5-C7C7C6B7AA3D}
		{C98FB808-092F-426B-AB5B-E747AB18E208} = {16F05AFF-195B-4F95-AE14-0FBBE6FB707E}
		{EF3585EA-5FF2-484E-9A70-5FE7D53B2B37} = {16F05AFF-195B-4F95-AE14-0FBBE6FB707E}
		{B6E16DEC-FFDF-45B0-A46D-80606BF6D1C9} = {16F05AFF-195B-4F95-AE14-0FBBE6FB707E}
		{57A9F24E-153C-4DBC-BB40-AD2F5A7ED994} = {16F05AFF-195B-4F95-AE14-0FBBE6FB707E}
		{2FFD097E-C977-45B0-9CD8-97CE4455C3A0} = {16F05AFF-195B-4F95-AE14-0FBBE6FB707E}
		{D6A48CCA-D068-4688-A0C4-8EA87FDDADD2} = {16F05AFF-195B-4F95-AE14-0FBBE6FB707E}
		{E870BDF8-E9AB-49C4-898A-6A08D24B51D8} = {16F05AFF-195B-4F95-AE14-0FBBE6FB707E}
		{5B4B9230-DE91-4E4C-8F1B-5F0FEFCB0EFA} = {16F05AFF-195B-4F95-AE14-0FBBE6FB707E}
		{BD05C42B-8661-43A1-BA2D-E5C6114E3B23} = {A7C06B22-4C6F-43B5-B365-657DF896B4FF}
		{FDBF011C-4132-4731-86A1-7B3116AD19BC} = {A7C06B22-4C6F-43B5-B365-657DF896B4FF}
		{5F6D751C-9FB8-4BE7-9899-2EB4F1A1696F} = {A7C06B22-4C6F-43B5-B365-657DF896B4FF}
		{678E2D5A-1DBD-473D-8360-67242D4DFCC5} = {A7C06B22-4C6F-43B5-B365-657DF896B4FF}
		{C4E3C408-DDBE-4702-B918-E2702DF3C674} = {A7C06B22-4C6F-43B5-B365-657DF896B4FF}
		{D18AB21B-27D1-4072-8C83-BFFFB78EAA13} = {A7C06B22-4C6F-43B5-B365-657DF896B4FF}
		{E92A07A9-AC67-42AD-8FD6-CCB6DF892B72} = {A7C06B22-4C6F-43B5-B365-657DF896B4FF}
		{FC8BD33B-3E5D-41F0-A38A-1C6F0EE501BA} = {A7C06B22-4C6F-43B5-B365-657DF896B4FF}
		{41DA3B57-6FE8-463F-BD8C-38FDD17F707F} = {A520767D-EE43-4DF8-830F-A66134FE5183}
	EndGlobalSection
EndGlobal
